
Microsoft Visual Studio Solution File, Format Version 12.00
# Visual Studio Version 17
VisualStudioVersion = 17.2.32526.322
MinimumVisualStudioVersion = 10.0.40219.1
Project("{8BC9CEB8-8B4A-11D0-8D11-00A0C91BC942}") = "Lab_0", "Lab_0\Lab_0.vcxproj", "{77EEE0E5-3A96-4E30-BE1A-B5BCFE2C38A8}"
EndProject
Project("{8BC9CEB8-8B4A-11D0-8D11-00A0C91BC942}") = "Lab_1.1", "Lab_1.1\Lab_1.1.vcxproj", "{D8FAF1AB-466E-498D-BC27-9FAA68C93009}"
EndProject
Project("{8BC9CEB8-8B4A-11D0-8D11-00A0C91BC942}") = "Lab_1.2", "Lab_1.2\Lab_1.2.vcxproj", "{EE818E39-C2D4-4447-B591-C770A431DE9D}"
EndProject
Project("{8BC9CEB8-8B4A-11D0-8D11-00A0C91BC942}") = "Lab_1.3", "Lab_1.3\Lab_1.3.vcxproj", "{4B1F0D50-F981-4E90-80C2-CCB31B344B0C}"
EndProject
Project("{8BC9CEB8-8B4A-11D0-8D11-00A0C91BC942}") = "Lab_1.final", "Lab_1.final\Lab_1.final.vcxproj", "{2A7DEB66-0FC2-4857-A216-B7806207FB71}"
EndProject
Project("{8BC9CEB8-8B4A-11D0-8D11-00A0C91BC942}") = "Lab_2.1.1", "Lab_2.1.1\Lab_2.1.1.vcxproj", "{DFEE7C73-7838-4EEC-BFDC-6FBDF40EC47B}"
EndProject
Project("{8BC9CEB8-8B4A-11D0-8D11-00A0C91BC942}") = "Lab_2.1.2", "Lab_2.1.2\Lab_2.1.2.vcxproj", "{7FA56D97-3E4E-49E5-8EC7-7C86902416AD}"
EndProject
Project("{8BC9CEB8-8B4A-11D0-8D11-00A0C91BC942}") = "Lab_2.2.1", "Lab_2.2.1\Lab_2.2.1.vcxproj", "{861E19F2-2B0E-406E-94A0-C8F21B3BD643}"
EndProject
Project("{8BC9CEB8-8B4A-11D0-8D11-00A0C91BC942}") = "Lab_2.2.2", "Lab_2.2.2\Lab_2.2.2.vcxproj", "{EC64CF0E-2C7C-4BE8-9AA6-418F761B21BF}"
EndProject
Project("{8BC9CEB8-8B4A-11D0-8D11-00A0C91BC942}") = "Lab_2.3", "Lab_2.3\Lab_2.3.vcxproj", "{CF78883E-14A1-4E20-8C36-8345D7CCFFC2}"
EndProject
Project("{8BC9CEB8-8B4A-11D0-8D11-00A0C91BC942}") = "Lab_2.4", "Lab_2.4\Lab_2.4.vcxproj", "{5E5FD402-E842-4166-B36B-C424F9DECC19}"
EndProject
Project("{8BC9CEB8-8B4A-11D0-8D11-00A0C91BC942}") = "Lab_2.final.1", "Lab_2.final.1\Lab_2.final.1.vcxproj", "{C6009C7B-8640-40D5-964D-1F0BEC3ABCA0}"
EndProject
Project("{8BC9CEB8-8B4A-11D0-8D11-00A0C91BC942}") = "Lab_2.final.2", "Lab_2.final.2\Lab_2.final.2.vcxproj", "{1E897342-F75D-4373-8BAF-9D0891531919}"
EndProject
Project("{8BC9CEB8-8B4A-11D0-8D11-00A0C91BC942}") = "Lab_2.final.3", "Lab_2.final.3\Lab_2.final.3.vcxproj", "{8A598B3D-9F0A-4A1E-9272-6F525CAD91C6}"
EndProject
Project("{8BC9CEB8-8B4A-11D0-8D11-00A0C91BC942}") = "Lab_2.final.4", "Lab_2.final.4\Lab_2.final.4.vcxproj", "{910BD57A-5968-4842-BE27-8DAC59CE5DDA}"
EndProject
Project("{8BC9CEB8-8B4A-11D0-8D11-00A0C91BC942}") = "Lab_3.1.1", "Lab_3.1.1\Lab_3.1.1.vcxproj", "{A74D41DE-6370-4C35-9EDE-9BCB701B7833}"
EndProject
Project("{2150E333-8FDC-42A3-9474-1A3956D46DE8}") = "Контрольные задания", "Контрольные задания", "{B196F99A-11B1-461D-A959-F8056791DCA0}"
EndProject
Project("{8BC9CEB8-8B4A-11D0-8D11-00A0C91BC942}") = "Lab_3.1.2", "Lab_3.1.2\Lab_3.1.2.vcxproj", "{F91FF58D-A126-44E9-B417-74F1326B3F72}"
EndProject
Project("{8BC9CEB8-8B4A-11D0-8D11-00A0C91BC942}") = "Lab_3.2", "Lab_3.2\Lab_3.2.vcxproj", "{CAF2967C-403D-4649-B15F-8298C771FCAE}"
EndProject
Project("{8BC9CEB8-8B4A-11D0-8D11-00A0C91BC942}") = "Lab_3.3", "Lab_3.3\Lab_3.3.vcxproj", "{B0896730-3F68-4B1B-9BE7-3557DC405131}"
EndProject
Project("{8BC9CEB8-8B4A-11D0-8D11-00A0C91BC942}") = "Lab_3.4", "Lab_3.4\Lab_3.4.vcxproj", "{7D451544-18BF-4980-9478-A9FDB3186BA4}"
EndProject
Project("{8BC9CEB8-8B4A-11D0-8D11-00A0C91BC942}") = "Lab_3.final.1", "Lab_3.final.1\Lab_3.final.1.vcxproj", "{F41D75F6-6907-44E8-B2FC-F2A345343987}"
EndProject
Project("{8BC9CEB8-8B4A-11D0-8D11-00A0C91BC942}") = "Lab_3.final.2", "Lab_3.final.2\Lab_3.final.2.vcxproj", "{CC23591B-7CCD-44FE-A7ED-148BDFC9BA0F}"
EndProject
Project("{8BC9CEB8-8B4A-11D0-8D11-00A0C91BC942}") = "Lab_3.final.3", "Lab_3.final.3\Lab_3.final.3.vcxproj", "{33DDEF88-FB10-4812-A300-B78CEB1534C9}"
EndProject
Project("{8BC9CEB8-8B4A-11D0-8D11-00A0C91BC942}") = "Lab_3.final.4", "Lab_3.final.4\Lab_3.final.4.vcxproj", "{A949F69A-2586-475C-B027-547E28D7FBBF}"
EndProject
Project("{8BC9CEB8-8B4A-11D0-8D11-00A0C91BC942}") = "Lab_3.final.5", "Lab_3.final.5\Lab_3.final.5.vcxproj", "{55CADA7C-882F-46C3-BCF7-5B2FDBDA7A4A}"
EndProject
Project("{8BC9CEB8-8B4A-11D0-8D11-00A0C91BC942}") = "Lab_4.final.1", "Lab_4.final.1\Lab_4.final.1.vcxproj", "{302D2A13-E9A2-493F-AFC3-87CBDB886B75}"
EndProject
Project("{8BC9CEB8-8B4A-11D0-8D11-00A0C91BC942}") = "Lab_4.final.2", "Lab_4.final.2\Lab_4.final.2.vcxproj", "{55685F95-7BE3-4D25-881B-D3C00C26CD7D}"
EndProject
Project("{8BC9CEB8-8B4A-11D0-8D11-00A0C91BC942}") = "Lab_5.final.1", "Lab_5.final.1\Lab_5.final.1.vcxproj", "{E8F73044-3BCB-4D92-9970-8412374B5C65}"
EndProject
Project("{8BC9CEB8-8B4A-11D0-8D11-00A0C91BC942}") = "Lab_5.final.2", "Lab_5.final.2\Lab_5.final.2.vcxproj", "{3B8EE2C6-BE82-4196-96B5-4C63F0294956}"
EndProject
Project("{8BC9CEB8-8B4A-11D0-8D11-00A0C91BC942}") = "Lab_6.final.1", "Lab_6.final.1\Lab_6.final.1.vcxproj", "{B428CDF9-73D7-4672-99CD-E6F222B33079}"
EndProject
Project("{8BC9CEB8-8B4A-11D0-8D11-00A0C91BC942}") = "Lab_6.final.2", "Lab_6.final.2\Lab_6.final.2.vcxproj", "{2C976425-4178-4CD0-A338-B4AB357CF849}"
EndProject
Project("{8BC9CEB8-8B4A-11D0-8D11-00A0C91BC942}") = "Lab_7.final.1", "Lab_7.final.1\Lab_7.final.1.vcxproj", "{31AE89F8-3551-4175-86B3-456158F83B39}"
EndProject
Project("{8BC9CEB8-8B4A-11D0-8D11-00A0C91BC942}") = "Lab_7.final.2", "Lab_7.final.2\Lab_7.final.2.vcxproj", "{5DDC4F6A-7301-4D9A-A743-4A698EFCBB0D}"
EndProject
Project("{8BC9CEB8-8B4A-11D0-8D11-00A0C91BC942}") = "Lab_7.final.3", "Lab_7.final.3\Lab_7.final.3.vcxproj", "{A46F0F70-13A7-4D5F-98A6-4B5837E18E43}"
EndProject
Project("{8BC9CEB8-8B4A-11D0-8D11-00A0C91BC942}") = "Lab_8.final.1", "Lab_8.final.1\Lab_8.final.1.vcxproj", "{F2FD87B4-B217-4F30-82D7-0E78A1CE70A8}"
EndProject
Project("{8BC9CEB8-8B4A-11D0-8D11-00A0C91BC942}") = "Lab_9.final.1", "Lab_9.final.1\Lab_9.final.1.vcxproj", "{083357A7-A7E2-43FE-A2C3-0BB057857AD8}"
EndProject
Project("{8BC9CEB8-8B4A-11D0-8D11-00A0C91BC942}") = "EXAM-TASK", "EXAM-TASK\EXAM-TASK.vcxproj", "{47708BA3-48F2-42FC-B1CB-5524CE14EDE5}"
EndProject
Project("{8BC9CEB8-8B4A-11D0-8D11-00A0C91BC942}") = "Lab_10.final.1", "Lab_10.final.1\Lab_10.final.1.vcxproj", "{069D2779-F4E1-4338-8DA0-ADCE9DC25B64}"
EndProject
Project("{8BC9CEB8-8B4A-11D0-8D11-00A0C91BC942}") = "Lab_11.final.1", "Lab_11.final.1\Lab_11.final.1.vcxproj", "{CD51A458-EECA-4364-91EC-C6751A5800F0}"
EndProject
Project("{8BC9CEB8-8B4A-11D0-8D11-00A0C91BC942}") = "Lab_11.final.2", "Lab_11.final.2\Lab_11.final.2.vcxproj", "{30474F8B-20C6-47E3-A9DA-11FD91209ADB}"
EndProject
Project("{8BC9CEB8-8B4A-11D0-8D11-00A0C91BC942}") = "Lab_13.final.1", "Lab_13.final.1\Lab_13.final.1.vcxproj", "{BA71B6C8-640F-4030-8CD9-8FB84B72340C}"
EndProject
Project("{8BC9CEB8-8B4A-11D0-8D11-00A0C91BC942}") = "Lab_14.final", "Lab_14.final\Lab_14.final.vcxproj", "{50377E8B-D98B-4C1A-86C6-DD5A68818105}"
EndProject
Project("{8BC9CEB8-8B4A-11D0-8D11-00A0C91BC942}") = "Lab_15.final", "Lab_15.final\Lab_15.final.vcxproj", "{757A6C1D-A6E2-4CD0-8275-215392D5AAEC}"
EndProject
Global
	GlobalSection(SolutionConfigurationPlatforms) = preSolution
		Debug|Any CPU = Debug|Any CPU
		Debug|x64 = Debug|x64
		Debug|x86 = Debug|x86
		Release|Any CPU = Release|Any CPU
		Release|x64 = Release|x64
		Release|x86 = Release|x86
	EndGlobalSection
	GlobalSection(ProjectConfigurationPlatforms) = postSolution
		{77EEE0E5-3A96-4E30-BE1A-B5BCFE2C38A8}.Debug|Any CPU.ActiveCfg = Debug|x64
		{77EEE0E5-3A96-4E30-BE1A-B5BCFE2C38A8}.Debug|Any CPU.Build.0 = Debug|x64
		{77EEE0E5-3A96-4E30-BE1A-B5BCFE2C38A8}.Debug|x64.ActiveCfg = Debug|x64
		{77EEE0E5-3A96-4E30-BE1A-B5BCFE2C38A8}.Debug|x64.Build.0 = Debug|x64
		{77EEE0E5-3A96-4E30-BE1A-B5BCFE2C38A8}.Debug|x86.ActiveCfg = Debug|Win32
		{77EEE0E5-3A96-4E30-BE1A-B5BCFE2C38A8}.Debug|x86.Build.0 = Debug|Win32
		{77EEE0E5-3A96-4E30-BE1A-B5BCFE2C38A8}.Release|Any CPU.ActiveCfg = Release|x64
		{77EEE0E5-3A96-4E30-BE1A-B5BCFE2C38A8}.Release|Any CPU.Build.0 = Release|x64
		{77EEE0E5-3A96-4E30-BE1A-B5BCFE2C38A8}.Release|x64.ActiveCfg = Release|x64
		{77EEE0E5-3A96-4E30-BE1A-B5BCFE2C38A8}.Release|x64.Build.0 = Release|x64
		{77EEE0E5-3A96-4E30-BE1A-B5BCFE2C38A8}.Release|x86.ActiveCfg = Release|Win32
		{77EEE0E5-3A96-4E30-BE1A-B5BCFE2C38A8}.Release|x86.Build.0 = Release|Win32
		{D8FAF1AB-466E-498D-BC27-9FAA68C93009}.Debug|Any CPU.ActiveCfg = Debug|x64
		{D8FAF1AB-466E-498D-BC27-9FAA68C93009}.Debug|Any CPU.Build.0 = Debug|x64
		{D8FAF1AB-466E-498D-BC27-9FAA68C93009}.Debug|x64.ActiveCfg = Debug|x64
		{D8FAF1AB-466E-498D-BC27-9FAA68C93009}.Debug|x64.Build.0 = Debug|x64
		{D8FAF1AB-466E-498D-BC27-9FAA68C93009}.Debug|x86.ActiveCfg = Debug|Win32
		{D8FAF1AB-466E-498D-BC27-9FAA68C93009}.Debug|x86.Build.0 = Debug|Win32
		{D8FAF1AB-466E-498D-BC27-9FAA68C93009}.Release|Any CPU.ActiveCfg = Release|x64
		{D8FAF1AB-466E-498D-BC27-9FAA68C93009}.Release|Any CPU.Build.0 = Release|x64
		{D8FAF1AB-466E-498D-BC27-9FAA68C93009}.Release|x64.ActiveCfg = Release|x64
		{D8FAF1AB-466E-498D-BC27-9FAA68C93009}.Release|x64.Build.0 = Release|x64
		{D8FAF1AB-466E-498D-BC27-9FAA68C93009}.Release|x86.ActiveCfg = Release|Win32
		{D8FAF1AB-466E-498D-BC27-9FAA68C93009}.Release|x86.Build.0 = Release|Win32
		{EE818E39-C2D4-4447-B591-C770A431DE9D}.Debug|Any CPU.ActiveCfg = Debug|x64
		{EE818E39-C2D4-4447-B591-C770A431DE9D}.Debug|Any CPU.Build.0 = Debug|x64
		{EE818E39-C2D4-4447-B591-C770A431DE9D}.Debug|x64.ActiveCfg = Debug|x64
		{EE818E39-C2D4-4447-B591-C770A431DE9D}.Debug|x64.Build.0 = Debug|x64
		{EE818E39-C2D4-4447-B591-C770A431DE9D}.Debug|x86.ActiveCfg = Debug|Win32
		{EE818E39-C2D4-4447-B591-C770A431DE9D}.Debug|x86.Build.0 = Debug|Win32
		{EE818E39-C2D4-4447-B591-C770A431DE9D}.Release|Any CPU.ActiveCfg = Release|x64
		{EE818E39-C2D4-4447-B591-C770A431DE9D}.Release|Any CPU.Build.0 = Release|x64
		{EE818E39-C2D4-4447-B591-C770A431DE9D}.Release|x64.ActiveCfg = Release|x64
		{EE818E39-C2D4-4447-B591-C770A431DE9D}.Release|x64.Build.0 = Release|x64
		{EE818E39-C2D4-4447-B591-C770A431DE9D}.Release|x86.ActiveCfg = Release|Win32
		{EE818E39-C2D4-4447-B591-C770A431DE9D}.Release|x86.Build.0 = Release|Win32
		{4B1F0D50-F981-4E90-80C2-CCB31B344B0C}.Debug|Any CPU.ActiveCfg = Debug|x64
		{4B1F0D50-F981-4E90-80C2-CCB31B344B0C}.Debug|Any CPU.Build.0 = Debug|x64
		{4B1F0D50-F981-4E90-80C2-CCB31B344B0C}.Debug|x64.ActiveCfg = Debug|x64
		{4B1F0D50-F981-4E90-80C2-CCB31B344B0C}.Debug|x64.Build.0 = Debug|x64
		{4B1F0D50-F981-4E90-80C2-CCB31B344B0C}.Debug|x86.ActiveCfg = Debug|Win32
		{4B1F0D50-F981-4E90-80C2-CCB31B344B0C}.Debug|x86.Build.0 = Debug|Win32
		{4B1F0D50-F981-4E90-80C2-CCB31B344B0C}.Release|Any CPU.ActiveCfg = Release|x64
		{4B1F0D50-F981-4E90-80C2-CCB31B344B0C}.Release|Any CPU.Build.0 = Release|x64
		{4B1F0D50-F981-4E90-80C2-CCB31B344B0C}.Release|x64.ActiveCfg = Release|x64
		{4B1F0D50-F981-4E90-80C2-CCB31B344B0C}.Release|x64.Build.0 = Release|x64
		{4B1F0D50-F981-4E90-80C2-CCB31B344B0C}.Release|x86.ActiveCfg = Release|Win32
		{4B1F0D50-F981-4E90-80C2-CCB31B344B0C}.Release|x86.Build.0 = Release|Win32
		{2A7DEB66-0FC2-4857-A216-B7806207FB71}.Debug|Any CPU.ActiveCfg = Debug|x64
		{2A7DEB66-0FC2-4857-A216-B7806207FB71}.Debug|Any CPU.Build.0 = Debug|x64
		{2A7DEB66-0FC2-4857-A216-B7806207FB71}.Debug|x64.ActiveCfg = Debug|x64
		{2A7DEB66-0FC2-4857-A216-B7806207FB71}.Debug|x64.Build.0 = Debug|x64
		{2A7DEB66-0FC2-4857-A216-B7806207FB71}.Debug|x86.ActiveCfg = Debug|Win32
		{2A7DEB66-0FC2-4857-A216-B7806207FB71}.Debug|x86.Build.0 = Debug|Win32
		{2A7DEB66-0FC2-4857-A216-B7806207FB71}.Release|Any CPU.ActiveCfg = Release|x64
		{2A7DEB66-0FC2-4857-A216-B7806207FB71}.Release|Any CPU.Build.0 = Release|x64
		{2A7DEB66-0FC2-4857-A216-B7806207FB71}.Release|x64.ActiveCfg = Release|x64
		{2A7DEB66-0FC2-4857-A216-B7806207FB71}.Release|x64.Build.0 = Release|x64
		{2A7DEB66-0FC2-4857-A216-B7806207FB71}.Release|x86.ActiveCfg = Release|Win32
		{2A7DEB66-0FC2-4857-A216-B7806207FB71}.Release|x86.Build.0 = Release|Win32
		{DFEE7C73-7838-4EEC-BFDC-6FBDF40EC47B}.Debug|Any CPU.ActiveCfg = Debug|x64
		{DFEE7C73-7838-4EEC-BFDC-6FBDF40EC47B}.Debug|Any CPU.Build.0 = Debug|x64
		{DFEE7C73-7838-4EEC-BFDC-6FBDF40EC47B}.Debug|x64.ActiveCfg = Debug|x64
		{DFEE7C73-7838-4EEC-BFDC-6FBDF40EC47B}.Debug|x64.Build.0 = Debug|x64
		{DFEE7C73-7838-4EEC-BFDC-6FBDF40EC47B}.Debug|x86.ActiveCfg = Debug|Win32
		{DFEE7C73-7838-4EEC-BFDC-6FBDF40EC47B}.Debug|x86.Build.0 = Debug|Win32
		{DFEE7C73-7838-4EEC-BFDC-6FBDF40EC47B}.Release|Any CPU.ActiveCfg = Release|x64
		{DFEE7C73-7838-4EEC-BFDC-6FBDF40EC47B}.Release|Any CPU.Build.0 = Release|x64
		{DFEE7C73-7838-4EEC-BFDC-6FBDF40EC47B}.Release|x64.ActiveCfg = Release|x64
		{DFEE7C73-7838-4EEC-BFDC-6FBDF40EC47B}.Release|x64.Build.0 = Release|x64
		{DFEE7C73-7838-4EEC-BFDC-6FBDF40EC47B}.Release|x86.ActiveCfg = Release|Win32
		{DFEE7C73-7838-4EEC-BFDC-6FBDF40EC47B}.Release|x86.Build.0 = Release|Win32
		{7FA56D97-3E4E-49E5-8EC7-7C86902416AD}.Debug|Any CPU.ActiveCfg = Debug|x64
		{7FA56D97-3E4E-49E5-8EC7-7C86902416AD}.Debug|Any CPU.Build.0 = Debug|x64
		{7FA56D97-3E4E-49E5-8EC7-7C86902416AD}.Debug|x64.ActiveCfg = Debug|x64
		{7FA56D97-3E4E-49E5-8EC7-7C86902416AD}.Debug|x64.Build.0 = Debug|x64
		{7FA56D97-3E4E-49E5-8EC7-7C86902416AD}.Debug|x86.ActiveCfg = Debug|Win32
		{7FA56D97-3E4E-49E5-8EC7-7C86902416AD}.Debug|x86.Build.0 = Debug|Win32
		{7FA56D97-3E4E-49E5-8EC7-7C86902416AD}.Release|Any CPU.ActiveCfg = Release|x64
		{7FA56D97-3E4E-49E5-8EC7-7C86902416AD}.Release|Any CPU.Build.0 = Release|x64
		{7FA56D97-3E4E-49E5-8EC7-7C86902416AD}.Release|x64.ActiveCfg = Release|x64
		{7FA56D97-3E4E-49E5-8EC7-7C86902416AD}.Release|x64.Build.0 = Release|x64
		{7FA56D97-3E4E-49E5-8EC7-7C86902416AD}.Release|x86.ActiveCfg = Release|Win32
		{7FA56D97-3E4E-49E5-8EC7-7C86902416AD}.Release|x86.Build.0 = Release|Win32
		{861E19F2-2B0E-406E-94A0-C8F21B3BD643}.Debug|Any CPU.ActiveCfg = Debug|x64
		{861E19F2-2B0E-406E-94A0-C8F21B3BD643}.Debug|Any CPU.Build.0 = Debug|x64
		{861E19F2-2B0E-406E-94A0-C8F21B3BD643}.Debug|x64.ActiveCfg = Debug|x64
		{861E19F2-2B0E-406E-94A0-C8F21B3BD643}.Debug|x64.Build.0 = Debug|x64
		{861E19F2-2B0E-406E-94A0-C8F21B3BD643}.Debug|x86.ActiveCfg = Debug|Win32
		{861E19F2-2B0E-406E-94A0-C8F21B3BD643}.Debug|x86.Build.0 = Debug|Win32
		{861E19F2-2B0E-406E-94A0-C8F21B3BD643}.Release|Any CPU.ActiveCfg = Release|x64
		{861E19F2-2B0E-406E-94A0-C8F21B3BD643}.Release|Any CPU.Build.0 = Release|x64
		{861E19F2-2B0E-406E-94A0-C8F21B3BD643}.Release|x64.ActiveCfg = Release|x64
		{861E19F2-2B0E-406E-94A0-C8F21B3BD643}.Release|x64.Build.0 = Release|x64
		{861E19F2-2B0E-406E-94A0-C8F21B3BD643}.Release|x86.ActiveCfg = Release|Win32
		{861E19F2-2B0E-406E-94A0-C8F21B3BD643}.Release|x86.Build.0 = Release|Win32
		{EC64CF0E-2C7C-4BE8-9AA6-418F761B21BF}.Debug|Any CPU.ActiveCfg = Debug|x64
		{EC64CF0E-2C7C-4BE8-9AA6-418F761B21BF}.Debug|Any CPU.Build.0 = Debug|x64
		{EC64CF0E-2C7C-4BE8-9AA6-418F761B21BF}.Debug|x64.ActiveCfg = Debug|x64
		{EC64CF0E-2C7C-4BE8-9AA6-418F761B21BF}.Debug|x64.Build.0 = Debug|x64
		{EC64CF0E-2C7C-4BE8-9AA6-418F761B21BF}.Debug|x86.ActiveCfg = Debug|Win32
		{EC64CF0E-2C7C-4BE8-9AA6-418F761B21BF}.Debug|x86.Build.0 = Debug|Win32
		{EC64CF0E-2C7C-4BE8-9AA6-418F761B21BF}.Release|Any CPU.ActiveCfg = Release|x64
		{EC64CF0E-2C7C-4BE8-9AA6-418F761B21BF}.Release|Any CPU.Build.0 = Release|x64
		{EC64CF0E-2C7C-4BE8-9AA6-418F761B21BF}.Release|x64.ActiveCfg = Release|x64
		{EC64CF0E-2C7C-4BE8-9AA6-418F761B21BF}.Release|x64.Build.0 = Release|x64
		{EC64CF0E-2C7C-4BE8-9AA6-418F761B21BF}.Release|x86.ActiveCfg = Release|Win32
		{EC64CF0E-2C7C-4BE8-9AA6-418F761B21BF}.Release|x86.Build.0 = Release|Win32
		{CF78883E-14A1-4E20-8C36-8345D7CCFFC2}.Debug|Any CPU.ActiveCfg = Debug|x64
		{CF78883E-14A1-4E20-8C36-8345D7CCFFC2}.Debug|Any CPU.Build.0 = Debug|x64
		{CF78883E-14A1-4E20-8C36-8345D7CCFFC2}.Debug|x64.ActiveCfg = Debug|x64
		{CF78883E-14A1-4E20-8C36-8345D7CCFFC2}.Debug|x64.Build.0 = Debug|x64
		{CF78883E-14A1-4E20-8C36-8345D7CCFFC2}.Debug|x86.ActiveCfg = Debug|Win32
		{CF78883E-14A1-4E20-8C36-8345D7CCFFC2}.Debug|x86.Build.0 = Debug|Win32
		{CF78883E-14A1-4E20-8C36-8345D7CCFFC2}.Release|Any CPU.ActiveCfg = Release|x64
		{CF78883E-14A1-4E20-8C36-8345D7CCFFC2}.Release|Any CPU.Build.0 = Release|x64
		{CF78883E-14A1-4E20-8C36-8345D7CCFFC2}.Release|x64.ActiveCfg = Release|x64
		{CF78883E-14A1-4E20-8C36-8345D7CCFFC2}.Release|x64.Build.0 = Release|x64
		{CF78883E-14A1-4E20-8C36-8345D7CCFFC2}.Release|x86.ActiveCfg = Release|Win32
		{CF78883E-14A1-4E20-8C36-8345D7CCFFC2}.Release|x86.Build.0 = Release|Win32
		{5E5FD402-E842-4166-B36B-C424F9DECC19}.Debug|Any CPU.ActiveCfg = Debug|x64
		{5E5FD402-E842-4166-B36B-C424F9DECC19}.Debug|Any CPU.Build.0 = Debug|x64
		{5E5FD402-E842-4166-B36B-C424F9DECC19}.Debug|x64.ActiveCfg = Debug|x64
		{5E5FD402-E842-4166-B36B-C424F9DECC19}.Debug|x64.Build.0 = Debug|x64
		{5E5FD402-E842-4166-B36B-C424F9DECC19}.Debug|x86.ActiveCfg = Debug|Win32
		{5E5FD402-E842-4166-B36B-C424F9DECC19}.Debug|x86.Build.0 = Debug|Win32
		{5E5FD402-E842-4166-B36B-C424F9DECC19}.Release|Any CPU.ActiveCfg = Release|x64
		{5E5FD402-E842-4166-B36B-C424F9DECC19}.Release|Any CPU.Build.0 = Release|x64
		{5E5FD402-E842-4166-B36B-C424F9DECC19}.Release|x64.ActiveCfg = Release|x64
		{5E5FD402-E842-4166-B36B-C424F9DECC19}.Release|x64.Build.0 = Release|x64
		{5E5FD402-E842-4166-B36B-C424F9DECC19}.Release|x86.ActiveCfg = Release|Win32
		{5E5FD402-E842-4166-B36B-C424F9DECC19}.Release|x86.Build.0 = Release|Win32
		{C6009C7B-8640-40D5-964D-1F0BEC3ABCA0}.Debug|Any CPU.ActiveCfg = Debug|x64
		{C6009C7B-8640-40D5-964D-1F0BEC3ABCA0}.Debug|Any CPU.Build.0 = Debug|x64
		{C6009C7B-8640-40D5-964D-1F0BEC3ABCA0}.Debug|x64.ActiveCfg = Debug|x64
		{C6009C7B-8640-40D5-964D-1F0BEC3ABCA0}.Debug|x64.Build.0 = Debug|x64
		{C6009C7B-8640-40D5-964D-1F0BEC3ABCA0}.Debug|x86.ActiveCfg = Debug|Win32
		{C6009C7B-8640-40D5-964D-1F0BEC3ABCA0}.Debug|x86.Build.0 = Debug|Win32
		{C6009C7B-8640-40D5-964D-1F0BEC3ABCA0}.Release|Any CPU.ActiveCfg = Release|x64
		{C6009C7B-8640-40D5-964D-1F0BEC3ABCA0}.Release|Any CPU.Build.0 = Release|x64
		{C6009C7B-8640-40D5-964D-1F0BEC3ABCA0}.Release|x64.ActiveCfg = Release|x64
		{C6009C7B-8640-40D5-964D-1F0BEC3ABCA0}.Release|x64.Build.0 = Release|x64
		{C6009C7B-8640-40D5-964D-1F0BEC3ABCA0}.Release|x86.ActiveCfg = Release|Win32
		{C6009C7B-8640-40D5-964D-1F0BEC3ABCA0}.Release|x86.Build.0 = Release|Win32
		{1E897342-F75D-4373-8BAF-9D0891531919}.Debug|Any CPU.ActiveCfg = Debug|x64
		{1E897342-F75D-4373-8BAF-9D0891531919}.Debug|Any CPU.Build.0 = Debug|x64
		{1E897342-F75D-4373-8BAF-9D0891531919}.Debug|x64.ActiveCfg = Debug|x64
		{1E897342-F75D-4373-8BAF-9D0891531919}.Debug|x64.Build.0 = Debug|x64
		{1E897342-F75D-4373-8BAF-9D0891531919}.Debug|x86.ActiveCfg = Debug|Win32
		{1E897342-F75D-4373-8BAF-9D0891531919}.Debug|x86.Build.0 = Debug|Win32
		{1E897342-F75D-4373-8BAF-9D0891531919}.Release|Any CPU.ActiveCfg = Release|x64
		{1E897342-F75D-4373-8BAF-9D0891531919}.Release|Any CPU.Build.0 = Release|x64
		{1E897342-F75D-4373-8BAF-9D0891531919}.Release|x64.ActiveCfg = Release|x64
		{1E897342-F75D-4373-8BAF-9D0891531919}.Release|x64.Build.0 = Release|x64
		{1E897342-F75D-4373-8BAF-9D0891531919}.Release|x86.ActiveCfg = Release|Win32
		{1E897342-F75D-4373-8BAF-9D0891531919}.Release|x86.Build.0 = Release|Win32
		{8A598B3D-9F0A-4A1E-9272-6F525CAD91C6}.Debug|Any CPU.ActiveCfg = Debug|x64
		{8A598B3D-9F0A-4A1E-9272-6F525CAD91C6}.Debug|Any CPU.Build.0 = Debug|x64
		{8A598B3D-9F0A-4A1E-9272-6F525CAD91C6}.Debug|x64.ActiveCfg = Debug|x64
		{8A598B3D-9F0A-4A1E-9272-6F525CAD91C6}.Debug|x64.Build.0 = Debug|x64
		{8A598B3D-9F0A-4A1E-9272-6F525CAD91C6}.Debug|x86.ActiveCfg = Debug|Win32
		{8A598B3D-9F0A-4A1E-9272-6F525CAD91C6}.Debug|x86.Build.0 = Debug|Win32
		{8A598B3D-9F0A-4A1E-9272-6F525CAD91C6}.Release|Any CPU.ActiveCfg = Release|x64
		{8A598B3D-9F0A-4A1E-9272-6F525CAD91C6}.Release|Any CPU.Build.0 = Release|x64
		{8A598B3D-9F0A-4A1E-9272-6F525CAD91C6}.Release|x64.ActiveCfg = Release|x64
		{8A598B3D-9F0A-4A1E-9272-6F525CAD91C6}.Release|x64.Build.0 = Release|x64
		{8A598B3D-9F0A-4A1E-9272-6F525CAD91C6}.Release|x86.ActiveCfg = Release|Win32
		{8A598B3D-9F0A-4A1E-9272-6F525CAD91C6}.Release|x86.Build.0 = Release|Win32
		{910BD57A-5968-4842-BE27-8DAC59CE5DDA}.Debug|Any CPU.ActiveCfg = Debug|x64
		{910BD57A-5968-4842-BE27-8DAC59CE5DDA}.Debug|Any CPU.Build.0 = Debug|x64
		{910BD57A-5968-4842-BE27-8DAC59CE5DDA}.Debug|x64.ActiveCfg = Debug|x64
		{910BD57A-5968-4842-BE27-8DAC59CE5DDA}.Debug|x64.Build.0 = Debug|x64
		{910BD57A-5968-4842-BE27-8DAC59CE5DDA}.Debug|x86.ActiveCfg = Debug|Win32
		{910BD57A-5968-4842-BE27-8DAC59CE5DDA}.Debug|x86.Build.0 = Debug|Win32
		{910BD57A-5968-4842-BE27-8DAC59CE5DDA}.Release|Any CPU.ActiveCfg = Release|x64
		{910BD57A-5968-4842-BE27-8DAC59CE5DDA}.Release|Any CPU.Build.0 = Release|x64
		{910BD57A-5968-4842-BE27-8DAC59CE5DDA}.Release|x64.ActiveCfg = Release|x64
		{910BD57A-5968-4842-BE27-8DAC59CE5DDA}.Release|x64.Build.0 = Release|x64
		{910BD57A-5968-4842-BE27-8DAC59CE5DDA}.Release|x86.ActiveCfg = Release|Win32
		{910BD57A-5968-4842-BE27-8DAC59CE5DDA}.Release|x86.Build.0 = Release|Win32
		{A74D41DE-6370-4C35-9EDE-9BCB701B7833}.Debug|Any CPU.ActiveCfg = Debug|x64
		{A74D41DE-6370-4C35-9EDE-9BCB701B7833}.Debug|Any CPU.Build.0 = Debug|x64
		{A74D41DE-6370-4C35-9EDE-9BCB701B7833}.Debug|x64.ActiveCfg = Debug|x64
		{A74D41DE-6370-4C35-9EDE-9BCB701B7833}.Debug|x64.Build.0 = Debug|x64
		{A74D41DE-6370-4C35-9EDE-9BCB701B7833}.Debug|x86.ActiveCfg = Debug|Win32
		{A74D41DE-6370-4C35-9EDE-9BCB701B7833}.Debug|x86.Build.0 = Debug|Win32
		{A74D41DE-6370-4C35-9EDE-9BCB701B7833}.Release|Any CPU.ActiveCfg = Release|x64
		{A74D41DE-6370-4C35-9EDE-9BCB701B7833}.Release|Any CPU.Build.0 = Release|x64
		{A74D41DE-6370-4C35-9EDE-9BCB701B7833}.Release|x64.ActiveCfg = Release|x64
		{A74D41DE-6370-4C35-9EDE-9BCB701B7833}.Release|x64.Build.0 = Release|x64
		{A74D41DE-6370-4C35-9EDE-9BCB701B7833}.Release|x86.ActiveCfg = Release|Win32
		{A74D41DE-6370-4C35-9EDE-9BCB701B7833}.Release|x86.Build.0 = Release|Win32
		{F91FF58D-A126-44E9-B417-74F1326B3F72}.Debug|Any CPU.ActiveCfg = Debug|x64
		{F91FF58D-A126-44E9-B417-74F1326B3F72}.Debug|Any CPU.Build.0 = Debug|x64
		{F91FF58D-A126-44E9-B417-74F1326B3F72}.Debug|x64.ActiveCfg = Debug|x64
		{F91FF58D-A126-44E9-B417-74F1326B3F72}.Debug|x64.Build.0 = Debug|x64
		{F91FF58D-A126-44E9-B417-74F1326B3F72}.Debug|x86.ActiveCfg = Debug|Win32
		{F91FF58D-A126-44E9-B417-74F1326B3F72}.Debug|x86.Build.0 = Debug|Win32
		{F91FF58D-A126-44E9-B417-74F1326B3F72}.Release|Any CPU.ActiveCfg = Release|x64
		{F91FF58D-A126-44E9-B417-74F1326B3F72}.Release|Any CPU.Build.0 = Release|x64
		{F91FF58D-A126-44E9-B417-74F1326B3F72}.Release|x64.ActiveCfg = Release|x64
		{F91FF58D-A126-44E9-B417-74F1326B3F72}.Release|x64.Build.0 = Release|x64
		{F91FF58D-A126-44E9-B417-74F1326B3F72}.Release|x86.ActiveCfg = Release|Win32
		{F91FF58D-A126-44E9-B417-74F1326B3F72}.Release|x86.Build.0 = Release|Win32
		{CAF2967C-403D-4649-B15F-8298C771FCAE}.Debug|Any CPU.ActiveCfg = Debug|x64
		{CAF2967C-403D-4649-B15F-8298C771FCAE}.Debug|Any CPU.Build.0 = Debug|x64
		{CAF2967C-403D-4649-B15F-8298C771FCAE}.Debug|x64.ActiveCfg = Debug|x64
		{CAF2967C-403D-4649-B15F-8298C771FCAE}.Debug|x64.Build.0 = Debug|x64
		{CAF2967C-403D-4649-B15F-8298C771FCAE}.Debug|x86.ActiveCfg = Debug|Win32
		{CAF2967C-403D-4649-B15F-8298C771FCAE}.Debug|x86.Build.0 = Debug|Win32
		{CAF2967C-403D-4649-B15F-8298C771FCAE}.Release|Any CPU.ActiveCfg = Release|x64
		{CAF2967C-403D-4649-B15F-8298C771FCAE}.Release|Any CPU.Build.0 = Release|x64
		{CAF2967C-403D-4649-B15F-8298C771FCAE}.Release|x64.ActiveCfg = Release|x64
		{CAF2967C-403D-4649-B15F-8298C771FCAE}.Release|x64.Build.0 = Release|x64
		{CAF2967C-403D-4649-B15F-8298C771FCAE}.Release|x86.ActiveCfg = Release|Win32
		{CAF2967C-403D-4649-B15F-8298C771FCAE}.Release|x86.Build.0 = Release|Win32
		{B0896730-3F68-4B1B-9BE7-3557DC405131}.Debug|Any CPU.ActiveCfg = Debug|x64
		{B0896730-3F68-4B1B-9BE7-3557DC405131}.Debug|Any CPU.Build.0 = Debug|x64
		{B0896730-3F68-4B1B-9BE7-3557DC405131}.Debug|x64.ActiveCfg = Debug|x64
		{B0896730-3F68-4B1B-9BE7-3557DC405131}.Debug|x64.Build.0 = Debug|x64
		{B0896730-3F68-4B1B-9BE7-3557DC405131}.Debug|x86.ActiveCfg = Debug|Win32
		{B0896730-3F68-4B1B-9BE7-3557DC405131}.Debug|x86.Build.0 = Debug|Win32
		{B0896730-3F68-4B1B-9BE7-3557DC405131}.Release|Any CPU.ActiveCfg = Release|x64
		{B0896730-3F68-4B1B-9BE7-3557DC405131}.Release|Any CPU.Build.0 = Release|x64
		{B0896730-3F68-4B1B-9BE7-3557DC405131}.Release|x64.ActiveCfg = Release|x64
		{B0896730-3F68-4B1B-9BE7-3557DC405131}.Release|x64.Build.0 = Release|x64
		{B0896730-3F68-4B1B-9BE7-3557DC405131}.Release|x86.ActiveCfg = Release|Win32
		{B0896730-3F68-4B1B-9BE7-3557DC405131}.Release|x86.Build.0 = Release|Win32
		{7D451544-18BF-4980-9478-A9FDB3186BA4}.Debug|Any CPU.ActiveCfg = Debug|x64
		{7D451544-18BF-4980-9478-A9FDB3186BA4}.Debug|Any CPU.Build.0 = Debug|x64
		{7D451544-18BF-4980-9478-A9FDB3186BA4}.Debug|x64.ActiveCfg = Debug|x64
		{7D451544-18BF-4980-9478-A9FDB3186BA4}.Debug|x64.Build.0 = Debug|x64
		{7D451544-18BF-4980-9478-A9FDB3186BA4}.Debug|x86.ActiveCfg = Debug|Win32
		{7D451544-18BF-4980-9478-A9FDB3186BA4}.Debug|x86.Build.0 = Debug|Win32
		{7D451544-18BF-4980-9478-A9FDB3186BA4}.Release|Any CPU.ActiveCfg = Release|x64
		{7D451544-18BF-4980-9478-A9FDB3186BA4}.Release|Any CPU.Build.0 = Release|x64
		{7D451544-18BF-4980-9478-A9FDB3186BA4}.Release|x64.ActiveCfg = Release|x64
		{7D451544-18BF-4980-9478-A9FDB3186BA4}.Release|x64.Build.0 = Release|x64
		{7D451544-18BF-4980-9478-A9FDB3186BA4}.Release|x86.ActiveCfg = Release|Win32
		{7D451544-18BF-4980-9478-A9FDB3186BA4}.Release|x86.Build.0 = Release|Win32
		{F41D75F6-6907-44E8-B2FC-F2A345343987}.Debug|Any CPU.ActiveCfg = Debug|x64
		{F41D75F6-6907-44E8-B2FC-F2A345343987}.Debug|Any CPU.Build.0 = Debug|x64
		{F41D75F6-6907-44E8-B2FC-F2A345343987}.Debug|x64.ActiveCfg = Debug|x64
		{F41D75F6-6907-44E8-B2FC-F2A345343987}.Debug|x64.Build.0 = Debug|x64
		{F41D75F6-6907-44E8-B2FC-F2A345343987}.Debug|x86.ActiveCfg = Debug|Win32
		{F41D75F6-6907-44E8-B2FC-F2A345343987}.Debug|x86.Build.0 = Debug|Win32
		{F41D75F6-6907-44E8-B2FC-F2A345343987}.Release|Any CPU.ActiveCfg = Release|x64
		{F41D75F6-6907-44E8-B2FC-F2A345343987}.Release|Any CPU.Build.0 = Release|x64
		{F41D75F6-6907-44E8-B2FC-F2A345343987}.Release|x64.ActiveCfg = Release|x64
		{F41D75F6-6907-44E8-B2FC-F2A345343987}.Release|x64.Build.0 = Release|x64
		{F41D75F6-6907-44E8-B2FC-F2A345343987}.Release|x86.ActiveCfg = Release|Win32
		{F41D75F6-6907-44E8-B2FC-F2A345343987}.Release|x86.Build.0 = Release|Win32
		{CC23591B-7CCD-44FE-A7ED-148BDFC9BA0F}.Debug|Any CPU.ActiveCfg = Debug|x64
		{CC23591B-7CCD-44FE-A7ED-148BDFC9BA0F}.Debug|Any CPU.Build.0 = Debug|x64
		{CC23591B-7CCD-44FE-A7ED-148BDFC9BA0F}.Debug|x64.ActiveCfg = Debug|x64
		{CC23591B-7CCD-44FE-A7ED-148BDFC9BA0F}.Debug|x64.Build.0 = Debug|x64
		{CC23591B-7CCD-44FE-A7ED-148BDFC9BA0F}.Debug|x86.ActiveCfg = Debug|Win32
		{CC23591B-7CCD-44FE-A7ED-148BDFC9BA0F}.Debug|x86.Build.0 = Debug|Win32
		{CC23591B-7CCD-44FE-A7ED-148BDFC9BA0F}.Release|Any CPU.ActiveCfg = Release|x64
		{CC23591B-7CCD-44FE-A7ED-148BDFC9BA0F}.Release|Any CPU.Build.0 = Release|x64
		{CC23591B-7CCD-44FE-A7ED-148BDFC9BA0F}.Release|x64.ActiveCfg = Release|x64
		{CC23591B-7CCD-44FE-A7ED-148BDFC9BA0F}.Release|x64.Build.0 = Release|x64
		{CC23591B-7CCD-44FE-A7ED-148BDFC9BA0F}.Release|x86.ActiveCfg = Release|Win32
		{CC23591B-7CCD-44FE-A7ED-148BDFC9BA0F}.Release|x86.Build.0 = Release|Win32
		{33DDEF88-FB10-4812-A300-B78CEB1534C9}.Debug|Any CPU.ActiveCfg = Debug|x64
		{33DDEF88-FB10-4812-A300-B78CEB1534C9}.Debug|Any CPU.Build.0 = Debug|x64
		{33DDEF88-FB10-4812-A300-B78CEB1534C9}.Debug|x64.ActiveCfg = Debug|x64
		{33DDEF88-FB10-4812-A300-B78CEB1534C9}.Debug|x64.Build.0 = Debug|x64
		{33DDEF88-FB10-4812-A300-B78CEB1534C9}.Debug|x86.ActiveCfg = Debug|Win32
		{33DDEF88-FB10-4812-A300-B78CEB1534C9}.Debug|x86.Build.0 = Debug|Win32
		{33DDEF88-FB10-4812-A300-B78CEB1534C9}.Release|Any CPU.ActiveCfg = Release|x64
		{33DDEF88-FB10-4812-A300-B78CEB1534C9}.Release|Any CPU.Build.0 = Release|x64
		{33DDEF88-FB10-4812-A300-B78CEB1534C9}.Release|x64.ActiveCfg = Release|x64
		{33DDEF88-FB10-4812-A300-B78CEB1534C9}.Release|x64.Build.0 = Release|x64
		{33DDEF88-FB10-4812-A300-B78CEB1534C9}.Release|x86.ActiveCfg = Release|Win32
		{33DDEF88-FB10-4812-A300-B78CEB1534C9}.Release|x86.Build.0 = Release|Win32
		{A949F69A-2586-475C-B027-547E28D7FBBF}.Debug|Any CPU.ActiveCfg = Debug|x64
		{A949F69A-2586-475C-B027-547E28D7FBBF}.Debug|Any CPU.Build.0 = Debug|x64
		{A949F69A-2586-475C-B027-547E28D7FBBF}.Debug|x64.ActiveCfg = Debug|x64
		{A949F69A-2586-475C-B027-547E28D7FBBF}.Debug|x64.Build.0 = Debug|x64
		{A949F69A-2586-475C-B027-547E28D7FBBF}.Debug|x86.ActiveCfg = Debug|Win32
		{A949F69A-2586-475C-B027-547E28D7FBBF}.Debug|x86.Build.0 = Debug|Win32
		{A949F69A-2586-475C-B027-547E28D7FBBF}.Release|Any CPU.ActiveCfg = Release|x64
		{A949F69A-2586-475C-B027-547E28D7FBBF}.Release|Any CPU.Build.0 = Release|x64
		{A949F69A-2586-475C-B027-547E28D7FBBF}.Release|x64.ActiveCfg = Release|x64
		{A949F69A-2586-475C-B027-547E28D7FBBF}.Release|x64.Build.0 = Release|x64
		{A949F69A-2586-475C-B027-547E28D7FBBF}.Release|x86.ActiveCfg = Release|Win32
		{A949F69A-2586-475C-B027-547E28D7FBBF}.Release|x86.Build.0 = Release|Win32
		{55CADA7C-882F-46C3-BCF7-5B2FDBDA7A4A}.Debug|Any CPU.ActiveCfg = Debug|x64
		{55CADA7C-882F-46C3-BCF7-5B2FDBDA7A4A}.Debug|Any CPU.Build.0 = Debug|x64
		{55CADA7C-882F-46C3-BCF7-5B2FDBDA7A4A}.Debug|x64.ActiveCfg = Debug|x64
		{55CADA7C-882F-46C3-BCF7-5B2FDBDA7A4A}.Debug|x64.Build.0 = Debug|x64
		{55CADA7C-882F-46C3-BCF7-5B2FDBDA7A4A}.Debug|x86.ActiveCfg = Debug|Win32
		{55CADA7C-882F-46C3-BCF7-5B2FDBDA7A4A}.Debug|x86.Build.0 = Debug|Win32
		{55CADA7C-882F-46C3-BCF7-5B2FDBDA7A4A}.Release|Any CPU.ActiveCfg = Release|x64
		{55CADA7C-882F-46C3-BCF7-5B2FDBDA7A4A}.Release|Any CPU.Build.0 = Release|x64
		{55CADA7C-882F-46C3-BCF7-5B2FDBDA7A4A}.Release|x64.ActiveCfg = Release|x64
		{55CADA7C-882F-46C3-BCF7-5B2FDBDA7A4A}.Release|x64.Build.0 = Release|x64
		{55CADA7C-882F-46C3-BCF7-5B2FDBDA7A4A}.Release|x86.ActiveCfg = Release|Win32
		{55CADA7C-882F-46C3-BCF7-5B2FDBDA7A4A}.Release|x86.Build.0 = Release|Win32
		{302D2A13-E9A2-493F-AFC3-87CBDB886B75}.Debug|Any CPU.ActiveCfg = Debug|x64
		{302D2A13-E9A2-493F-AFC3-87CBDB886B75}.Debug|Any CPU.Build.0 = Debug|x64
		{302D2A13-E9A2-493F-AFC3-87CBDB886B75}.Debug|x64.ActiveCfg = Debug|x64
		{302D2A13-E9A2-493F-AFC3-87CBDB886B75}.Debug|x64.Build.0 = Debug|x64
		{302D2A13-E9A2-493F-AFC3-87CBDB886B75}.Debug|x86.ActiveCfg = Debug|Win32
		{302D2A13-E9A2-493F-AFC3-87CBDB886B75}.Debug|x86.Build.0 = Debug|Win32
		{302D2A13-E9A2-493F-AFC3-87CBDB886B75}.Release|Any CPU.ActiveCfg = Release|x64
		{302D2A13-E9A2-493F-AFC3-87CBDB886B75}.Release|Any CPU.Build.0 = Release|x64
		{302D2A13-E9A2-493F-AFC3-87CBDB886B75}.Release|x64.ActiveCfg = Release|x64
		{302D2A13-E9A2-493F-AFC3-87CBDB886B75}.Release|x64.Build.0 = Release|x64
		{302D2A13-E9A2-493F-AFC3-87CBDB886B75}.Release|x86.ActiveCfg = Release|Win32
		{302D2A13-E9A2-493F-AFC3-87CBDB886B75}.Release|x86.Build.0 = Release|Win32
		{55685F95-7BE3-4D25-881B-D3C00C26CD7D}.Debug|Any CPU.ActiveCfg = Debug|x64
		{55685F95-7BE3-4D25-881B-D3C00C26CD7D}.Debug|Any CPU.Build.0 = Debug|x64
		{55685F95-7BE3-4D25-881B-D3C00C26CD7D}.Debug|x64.ActiveCfg = Debug|x64
		{55685F95-7BE3-4D25-881B-D3C00C26CD7D}.Debug|x64.Build.0 = Debug|x64
		{55685F95-7BE3-4D25-881B-D3C00C26CD7D}.Debug|x86.ActiveCfg = Debug|Win32
		{55685F95-7BE3-4D25-881B-D3C00C26CD7D}.Debug|x86.Build.0 = Debug|Win32
		{55685F95-7BE3-4D25-881B-D3C00C26CD7D}.Release|Any CPU.ActiveCfg = Release|x64
		{55685F95-7BE3-4D25-881B-D3C00C26CD7D}.Release|Any CPU.Build.0 = Release|x64
		{55685F95-7BE3-4D25-881B-D3C00C26CD7D}.Release|x64.ActiveCfg = Release|x64
		{55685F95-7BE3-4D25-881B-D3C00C26CD7D}.Release|x64.Build.0 = Release|x64
		{55685F95-7BE3-4D25-881B-D3C00C26CD7D}.Release|x86.ActiveCfg = Release|Win32
		{55685F95-7BE3-4D25-881B-D3C00C26CD7D}.Release|x86.Build.0 = Release|Win32
		{E8F73044-3BCB-4D92-9970-8412374B5C65}.Debug|Any CPU.ActiveCfg = Debug|x64
		{E8F73044-3BCB-4D92-9970-8412374B5C65}.Debug|Any CPU.Build.0 = Debug|x64
		{E8F73044-3BCB-4D92-9970-8412374B5C65}.Debug|x64.ActiveCfg = Debug|x64
		{E8F73044-3BCB-4D92-9970-8412374B5C65}.Debug|x64.Build.0 = Debug|x64
		{E8F73044-3BCB-4D92-9970-8412374B5C65}.Debug|x86.ActiveCfg = Debug|Win32
		{E8F73044-3BCB-4D92-9970-8412374B5C65}.Debug|x86.Build.0 = Debug|Win32
		{E8F73044-3BCB-4D92-9970-8412374B5C65}.Release|Any CPU.ActiveCfg = Release|x64
		{E8F73044-3BCB-4D92-9970-8412374B5C65}.Release|Any CPU.Build.0 = Release|x64
		{E8F73044-3BCB-4D92-9970-8412374B5C65}.Release|x64.ActiveCfg = Release|x64
		{E8F73044-3BCB-4D92-9970-8412374B5C65}.Release|x64.Build.0 = Release|x64
		{E8F73044-3BCB-4D92-9970-8412374B5C65}.Release|x86.ActiveCfg = Release|Win32
		{E8F73044-3BCB-4D92-9970-8412374B5C65}.Release|x86.Build.0 = Release|Win32
		{3B8EE2C6-BE82-4196-96B5-4C63F0294956}.Debug|Any CPU.ActiveCfg = Debug|x64
		{3B8EE2C6-BE82-4196-96B5-4C63F0294956}.Debug|Any CPU.Build.0 = Debug|x64
		{3B8EE2C6-BE82-4196-96B5-4C63F0294956}.Debug|x64.ActiveCfg = Debug|x64
		{3B8EE2C6-BE82-4196-96B5-4C63F0294956}.Debug|x64.Build.0 = Debug|x64
		{3B8EE2C6-BE82-4196-96B5-4C63F0294956}.Debug|x86.ActiveCfg = Debug|Win32
		{3B8EE2C6-BE82-4196-96B5-4C63F0294956}.Debug|x86.Build.0 = Debug|Win32
		{3B8EE2C6-BE82-4196-96B5-4C63F0294956}.Release|Any CPU.ActiveCfg = Release|x64
		{3B8EE2C6-BE82-4196-96B5-4C63F0294956}.Release|Any CPU.Build.0 = Release|x64
		{3B8EE2C6-BE82-4196-96B5-4C63F0294956}.Release|x64.ActiveCfg = Release|x64
		{3B8EE2C6-BE82-4196-96B5-4C63F0294956}.Release|x64.Build.0 = Release|x64
		{3B8EE2C6-BE82-4196-96B5-4C63F0294956}.Release|x86.ActiveCfg = Release|Win32
		{3B8EE2C6-BE82-4196-96B5-4C63F0294956}.Release|x86.Build.0 = Release|Win32
		{B428CDF9-73D7-4672-99CD-E6F222B33079}.Debug|Any CPU.ActiveCfg = Debug|x64
		{B428CDF9-73D7-4672-99CD-E6F222B33079}.Debug|Any CPU.Build.0 = Debug|x64
		{B428CDF9-73D7-4672-99CD-E6F222B33079}.Debug|x64.ActiveCfg = Debug|x64
		{B428CDF9-73D7-4672-99CD-E6F222B33079}.Debug|x64.Build.0 = Debug|x64
		{B428CDF9-73D7-4672-99CD-E6F222B33079}.Debug|x86.ActiveCfg = Debug|Win32
		{B428CDF9-73D7-4672-99CD-E6F222B33079}.Debug|x86.Build.0 = Debug|Win32
		{B428CDF9-73D7-4672-99CD-E6F222B33079}.Release|Any CPU.ActiveCfg = Release|x64
		{B428CDF9-73D7-4672-99CD-E6F222B33079}.Release|Any CPU.Build.0 = Release|x64
		{B428CDF9-73D7-4672-99CD-E6F222B33079}.Release|x64.ActiveCfg = Release|x64
		{B428CDF9-73D7-4672-99CD-E6F222B33079}.Release|x64.Build.0 = Release|x64
		{B428CDF9-73D7-4672-99CD-E6F222B33079}.Release|x86.ActiveCfg = Release|Win32
		{B428CDF9-73D7-4672-99CD-E6F222B33079}.Release|x86.Build.0 = Release|Win32
		{2C976425-4178-4CD0-A338-B4AB357CF849}.Debug|Any CPU.ActiveCfg = Debug|x64
		{2C976425-4178-4CD0-A338-B4AB357CF849}.Debug|Any CPU.Build.0 = Debug|x64
		{2C976425-4178-4CD0-A338-B4AB357CF849}.Debug|x64.ActiveCfg = Debug|x64
		{2C976425-4178-4CD0-A338-B4AB357CF849}.Debug|x64.Build.0 = Debug|x64
		{2C976425-4178-4CD0-A338-B4AB357CF849}.Debug|x86.ActiveCfg = Debug|Win32
		{2C976425-4178-4CD0-A338-B4AB357CF849}.Debug|x86.Build.0 = Debug|Win32
		{2C976425-4178-4CD0-A338-B4AB357CF849}.Release|Any CPU.ActiveCfg = Release|x64
		{2C976425-4178-4CD0-A338-B4AB357CF849}.Release|Any CPU.Build.0 = Release|x64
		{2C976425-4178-4CD0-A338-B4AB357CF849}.Release|x64.ActiveCfg = Release|x64
		{2C976425-4178-4CD0-A338-B4AB357CF849}.Release|x64.Build.0 = Release|x64
		{2C976425-4178-4CD0-A338-B4AB357CF849}.Release|x86.ActiveCfg = Release|Win32
		{2C976425-4178-4CD0-A338-B4AB357CF849}.Release|x86.Build.0 = Release|Win32
		{31AE89F8-3551-4175-86B3-456158F83B39}.Debug|Any CPU.ActiveCfg = Debug|x64
		{31AE89F8-3551-4175-86B3-456158F83B39}.Debug|Any CPU.Build.0 = Debug|x64
		{31AE89F8-3551-4175-86B3-456158F83B39}.Debug|x64.ActiveCfg = Debug|x64
		{31AE89F8-3551-4175-86B3-456158F83B39}.Debug|x64.Build.0 = Debug|x64
		{31AE89F8-3551-4175-86B3-456158F83B39}.Debug|x86.ActiveCfg = Debug|Win32
		{31AE89F8-3551-4175-86B3-456158F83B39}.Debug|x86.Build.0 = Debug|Win32
		{31AE89F8-3551-4175-86B3-456158F83B39}.Release|Any CPU.ActiveCfg = Release|x64
		{31AE89F8-3551-4175-86B3-456158F83B39}.Release|Any CPU.Build.0 = Release|x64
		{31AE89F8-3551-4175-86B3-456158F83B39}.Release|x64.ActiveCfg = Release|x64
		{31AE89F8-3551-4175-86B3-456158F83B39}.Release|x64.Build.0 = Release|x64
		{31AE89F8-3551-4175-86B3-456158F83B39}.Release|x86.ActiveCfg = Release|Win32
		{31AE89F8-3551-4175-86B3-456158F83B39}.Release|x86.Build.0 = Release|Win32
		{5DDC4F6A-7301-4D9A-A743-4A698EFCBB0D}.Debug|Any CPU.ActiveCfg = Debug|x64
		{5DDC4F6A-7301-4D9A-A743-4A698EFCBB0D}.Debug|Any CPU.Build.0 = Debug|x64
		{5DDC4F6A-7301-4D9A-A743-4A698EFCBB0D}.Debug|x64.ActiveCfg = Debug|x64
		{5DDC4F6A-7301-4D9A-A743-4A698EFCBB0D}.Debug|x64.Build.0 = Debug|x64
		{5DDC4F6A-7301-4D9A-A743-4A698EFCBB0D}.Debug|x86.ActiveCfg = Debug|Win32
		{5DDC4F6A-7301-4D9A-A743-4A698EFCBB0D}.Debug|x86.Build.0 = Debug|Win32
		{5DDC4F6A-7301-4D9A-A743-4A698EFCBB0D}.Release|Any CPU.ActiveCfg = Release|x64
		{5DDC4F6A-7301-4D9A-A743-4A698EFCBB0D}.Release|Any CPU.Build.0 = Release|x64
		{5DDC4F6A-7301-4D9A-A743-4A698EFCBB0D}.Release|x64.ActiveCfg = Release|x64
		{5DDC4F6A-7301-4D9A-A743-4A698EFCBB0D}.Release|x64.Build.0 = Release|x64
		{5DDC4F6A-7301-4D9A-A743-4A698EFCBB0D}.Release|x86.ActiveCfg = Release|Win32
		{5DDC4F6A-7301-4D9A-A743-4A698EFCBB0D}.Release|x86.Build.0 = Release|Win32
		{A46F0F70-13A7-4D5F-98A6-4B5837E18E43}.Debug|Any CPU.ActiveCfg = Debug|x64
		{A46F0F70-13A7-4D5F-98A6-4B5837E18E43}.Debug|Any CPU.Build.0 = Debug|x64
		{A46F0F70-13A7-4D5F-98A6-4B5837E18E43}.Debug|x64.ActiveCfg = Debug|x64
		{A46F0F70-13A7-4D5F-98A6-4B5837E18E43}.Debug|x64.Build.0 = Debug|x64
		{A46F0F70-13A7-4D5F-98A6-4B5837E18E43}.Debug|x86.ActiveCfg = Debug|Win32
		{A46F0F70-13A7-4D5F-98A6-4B5837E18E43}.Debug|x86.Build.0 = Debug|Win32
		{A46F0F70-13A7-4D5F-98A6-4B5837E18E43}.Release|Any CPU.ActiveCfg = Release|x64
		{A46F0F70-13A7-4D5F-98A6-4B5837E18E43}.Release|Any CPU.Build.0 = Release|x64
		{A46F0F70-13A7-4D5F-98A6-4B5837E18E43}.Release|x64.ActiveCfg = Release|x64
		{A46F0F70-13A7-4D5F-98A6-4B5837E18E43}.Release|x64.Build.0 = Release|x64
		{A46F0F70-13A7-4D5F-98A6-4B5837E18E43}.Release|x86.ActiveCfg = Release|Win32
		{A46F0F70-13A7-4D5F-98A6-4B5837E18E43}.Release|x86.Build.0 = Release|Win32
		{F2FD87B4-B217-4F30-82D7-0E78A1CE70A8}.Debug|Any CPU.ActiveCfg = Debug|x64
		{F2FD87B4-B217-4F30-82D7-0E78A1CE70A8}.Debug|Any CPU.Build.0 = Debug|x64
		{F2FD87B4-B217-4F30-82D7-0E78A1CE70A8}.Debug|x64.ActiveCfg = Debug|x64
		{F2FD87B4-B217-4F30-82D7-0E78A1CE70A8}.Debug|x64.Build.0 = Debug|x64
		{F2FD87B4-B217-4F30-82D7-0E78A1CE70A8}.Debug|x86.ActiveCfg = Debug|Win32
		{F2FD87B4-B217-4F30-82D7-0E78A1CE70A8}.Debug|x86.Build.0 = Debug|Win32
		{F2FD87B4-B217-4F30-82D7-0E78A1CE70A8}.Release|Any CPU.ActiveCfg = Release|x64
		{F2FD87B4-B217-4F30-82D7-0E78A1CE70A8}.Release|Any CPU.Build.0 = Release|x64
		{F2FD87B4-B217-4F30-82D7-0E78A1CE70A8}.Release|x64.ActiveCfg = Release|x64
		{F2FD87B4-B217-4F30-82D7-0E78A1CE70A8}.Release|x64.Build.0 = Release|x64
		{F2FD87B4-B217-4F30-82D7-0E78A1CE70A8}.Release|x86.ActiveCfg = Release|Win32
		{F2FD87B4-B217-4F30-82D7-0E78A1CE70A8}.Release|x86.Build.0 = Release|Win32
		{083357A7-A7E2-43FE-A2C3-0BB057857AD8}.Debug|Any CPU.ActiveCfg = Debug|x64
		{083357A7-A7E2-43FE-A2C3-0BB057857AD8}.Debug|Any CPU.Build.0 = Debug|x64
		{083357A7-A7E2-43FE-A2C3-0BB057857AD8}.Debug|x64.ActiveCfg = Debug|x64
		{083357A7-A7E2-43FE-A2C3-0BB057857AD8}.Debug|x64.Build.0 = Debug|x64
		{083357A7-A7E2-43FE-A2C3-0BB057857AD8}.Debug|x86.ActiveCfg = Debug|Win32
		{083357A7-A7E2-43FE-A2C3-0BB057857AD8}.Debug|x86.Build.0 = Debug|Win32
		{083357A7-A7E2-43FE-A2C3-0BB057857AD8}.Release|Any CPU.ActiveCfg = Release|x64
		{083357A7-A7E2-43FE-A2C3-0BB057857AD8}.Release|Any CPU.Build.0 = Release|x64
		{083357A7-A7E2-43FE-A2C3-0BB057857AD8}.Release|x64.ActiveCfg = Release|x64
		{083357A7-A7E2-43FE-A2C3-0BB057857AD8}.Release|x64.Build.0 = Release|x64
		{083357A7-A7E2-43FE-A2C3-0BB057857AD8}.Release|x86.ActiveCfg = Release|Win32
		{083357A7-A7E2-43FE-A2C3-0BB057857AD8}.Release|x86.Build.0 = Release|Win32
		{47708BA3-48F2-42FC-B1CB-5524CE14EDE5}.Debug|Any CPU.ActiveCfg = Debug|x64
		{47708BA3-48F2-42FC-B1CB-5524CE14EDE5}.Debug|Any CPU.Build.0 = Debug|x64
		{47708BA3-48F2-42FC-B1CB-5524CE14EDE5}.Debug|x64.ActiveCfg = Debug|x64
		{47708BA3-48F2-42FC-B1CB-5524CE14EDE5}.Debug|x64.Build.0 = Debug|x64
		{47708BA3-48F2-42FC-B1CB-5524CE14EDE5}.Debug|x86.ActiveCfg = Debug|Win32
		{47708BA3-48F2-42FC-B1CB-5524CE14EDE5}.Debug|x86.Build.0 = Debug|Win32
		{47708BA3-48F2-42FC-B1CB-5524CE14EDE5}.Release|Any CPU.ActiveCfg = Release|x64
		{47708BA3-48F2-42FC-B1CB-5524CE14EDE5}.Release|Any CPU.Build.0 = Release|x64
		{47708BA3-48F2-42FC-B1CB-5524CE14EDE5}.Release|x64.ActiveCfg = Release|x64
		{47708BA3-48F2-42FC-B1CB-5524CE14EDE5}.Release|x64.Build.0 = Release|x64
		{47708BA3-48F2-42FC-B1CB-5524CE14EDE5}.Release|x86.ActiveCfg = Release|Win32
		{47708BA3-48F2-42FC-B1CB-5524CE14EDE5}.Release|x86.Build.0 = Release|Win32
		{069D2779-F4E1-4338-8DA0-ADCE9DC25B64}.Debug|Any CPU.ActiveCfg = Debug|x64
		{069D2779-F4E1-4338-8DA0-ADCE9DC25B64}.Debug|Any CPU.Build.0 = Debug|x64
		{069D2779-F4E1-4338-8DA0-ADCE9DC25B64}.Debug|x64.ActiveCfg = Debug|x64
		{069D2779-F4E1-4338-8DA0-ADCE9DC25B64}.Debug|x64.Build.0 = Debug|x64
		{069D2779-F4E1-4338-8DA0-ADCE9DC25B64}.Debug|x86.ActiveCfg = Debug|Win32
		{069D2779-F4E1-4338-8DA0-ADCE9DC25B64}.Debug|x86.Build.0 = Debug|Win32
		{069D2779-F4E1-4338-8DA0-ADCE9DC25B64}.Release|Any CPU.ActiveCfg = Release|x64
		{069D2779-F4E1-4338-8DA0-ADCE9DC25B64}.Release|Any CPU.Build.0 = Release|x64
		{069D2779-F4E1-4338-8DA0-ADCE9DC25B64}.Release|x64.ActiveCfg = Release|x64
		{069D2779-F4E1-4338-8DA0-ADCE9DC25B64}.Release|x64.Build.0 = Release|x64
		{069D2779-F4E1-4338-8DA0-ADCE9DC25B64}.Release|x86.ActiveCfg = Release|Win32
		{069D2779-F4E1-4338-8DA0-ADCE9DC25B64}.Release|x86.Build.0 = Release|Win32
		{CD51A458-EECA-4364-91EC-C6751A5800F0}.Debug|Any CPU.ActiveCfg = Debug|x64
		{CD51A458-EECA-4364-91EC-C6751A5800F0}.Debug|Any CPU.Build.0 = Debug|x64
		{CD51A458-EECA-4364-91EC-C6751A5800F0}.Debug|x64.ActiveCfg = Debug|x64
		{CD51A458-EECA-4364-91EC-C6751A5800F0}.Debug|x64.Build.0 = Debug|x64
		{CD51A458-EECA-4364-91EC-C6751A5800F0}.Debug|x86.ActiveCfg = Debug|Win32
		{CD51A458-EECA-4364-91EC-C6751A5800F0}.Debug|x86.Build.0 = Debug|Win32
		{CD51A458-EECA-4364-91EC-C6751A5800F0}.Release|Any CPU.ActiveCfg = Release|x64
		{CD51A458-EECA-4364-91EC-C6751A5800F0}.Release|Any CPU.Build.0 = Release|x64
		{CD51A458-EECA-4364-91EC-C6751A5800F0}.Release|x64.ActiveCfg = Release|x64
		{CD51A458-EECA-4364-91EC-C6751A5800F0}.Release|x64.Build.0 = Release|x64
		{CD51A458-EECA-4364-91EC-C6751A5800F0}.Release|x86.ActiveCfg = Release|Win32
		{CD51A458-EECA-4364-91EC-C6751A5800F0}.Release|x86.Build.0 = Release|Win32
		{30474F8B-20C6-47E3-A9DA-11FD91209ADB}.Debug|Any CPU.ActiveCfg = Debug|x64
		{30474F8B-20C6-47E3-A9DA-11FD91209ADB}.Debug|Any CPU.Build.0 = Debug|x64
		{30474F8B-20C6-47E3-A9DA-11FD91209ADB}.Debug|x64.ActiveCfg = Debug|x64
		{30474F8B-20C6-47E3-A9DA-11FD91209ADB}.Debug|x64.Build.0 = Debug|x64
		{30474F8B-20C6-47E3-A9DA-11FD91209ADB}.Debug|x86.ActiveCfg = Debug|Win32
		{30474F8B-20C6-47E3-A9DA-11FD91209ADB}.Debug|x86.Build.0 = Debug|Win32
		{30474F8B-20C6-47E3-A9DA-11FD91209ADB}.Release|Any CPU.ActiveCfg = Release|x64
		{30474F8B-20C6-47E3-A9DA-11FD91209ADB}.Release|Any CPU.Build.0 = Release|x64
		{30474F8B-20C6-47E3-A9DA-11FD91209ADB}.Release|x64.ActiveCfg = Release|x64
		{30474F8B-20C6-47E3-A9DA-11FD91209ADB}.Release|x64.Build.0 = Release|x64
		{30474F8B-20C6-47E3-A9DA-11FD91209ADB}.Release|x86.ActiveCfg = Release|Win32
		{30474F8B-20C6-47E3-A9DA-11FD91209ADB}.Release|x86.Build.0 = Release|Win32
		{BA71B6C8-640F-4030-8CD9-8FB84B72340C}.Debug|Any CPU.ActiveCfg = Debug|x64
		{BA71B6C8-640F-4030-8CD9-8FB84B72340C}.Debug|Any CPU.Build.0 = Debug|x64
		{BA71B6C8-640F-4030-8CD9-8FB84B72340C}.Debug|x64.ActiveCfg = Debug|x64
		{BA71B6C8-640F-4030-8CD9-8FB84B72340C}.Debug|x64.Build.0 = Debug|x64
		{BA71B6C8-640F-4030-8CD9-8FB84B72340C}.Debug|x86.ActiveCfg = Debug|Win32
		{BA71B6C8-640F-4030-8CD9-8FB84B72340C}.Debug|x86.Build.0 = Debug|Win32
		{BA71B6C8-640F-4030-8CD9-8FB84B72340C}.Release|Any CPU.ActiveCfg = Release|x64
		{BA71B6C8-640F-4030-8CD9-8FB84B72340C}.Release|Any CPU.Build.0 = Release|x64
		{BA71B6C8-640F-4030-8CD9-8FB84B72340C}.Release|x64.ActiveCfg = Release|x64
		{BA71B6C8-640F-4030-8CD9-8FB84B72340C}.Release|x64.Build.0 = Release|x64
		{BA71B6C8-640F-4030-8CD9-8FB84B72340C}.Release|x86.ActiveCfg = Release|Win32
		{BA71B6C8-640F-4030-8CD9-8FB84B72340C}.Release|x86.Build.0 = Release|Win32
		{50377E8B-D98B-4C1A-86C6-DD5A68818105}.Debug|Any CPU.ActiveCfg = Debug|x64
		{50377E8B-D98B-4C1A-86C6-DD5A68818105}.Debug|Any CPU.Build.0 = Debug|x64
		{50377E8B-D98B-4C1A-86C6-DD5A68818105}.Debug|x64.ActiveCfg = Debug|x64
		{50377E8B-D98B-4C1A-86C6-DD5A68818105}.Debug|x64.Build.0 = Debug|x64
		{50377E8B-D98B-4C1A-86C6-DD5A68818105}.Debug|x86.ActiveCfg = Debug|Win32
		{50377E8B-D98B-4C1A-86C6-DD5A68818105}.Debug|x86.Build.0 = Debug|Win32
		{50377E8B-D98B-4C1A-86C6-DD5A68818105}.Release|Any CPU.ActiveCfg = Release|x64
		{50377E8B-D98B-4C1A-86C6-DD5A68818105}.Release|Any CPU.Build.0 = Release|x64
		{50377E8B-D98B-4C1A-86C6-DD5A68818105}.Release|x64.ActiveCfg = Release|x64
		{50377E8B-D98B-4C1A-86C6-DD5A68818105}.Release|x64.Build.0 = Release|x64
		{50377E8B-D98B-4C1A-86C6-DD5A68818105}.Release|x86.ActiveCfg = Release|Win32
		{50377E8B-D98B-4C1A-86C6-DD5A68818105}.Release|x86.Build.0 = Release|Win32
		{757A6C1D-A6E2-4CD0-8275-215392D5AAEC}.Debug|Any CPU.ActiveCfg = Debug|x64
		{757A6C1D-A6E2-4CD0-8275-215392D5AAEC}.Debug|Any CPU.Build.0 = Debug|x64
		{757A6C1D-A6E2-4CD0-8275-215392D5AAEC}.Debug|x64.ActiveCfg = Debug|x64
		{757A6C1D-A6E2-4CD0-8275-215392D5AAEC}.Debug|x64.Build.0 = Debug|x64
		{757A6C1D-A6E2-4CD0-8275-215392D5AAEC}.Debug|x86.ActiveCfg = Debug|Win32
		{757A6C1D-A6E2-4CD0-8275-215392D5AAEC}.Debug|x86.Build.0 = Debug|Win32
		{757A6C1D-A6E2-4CD0-8275-215392D5AAEC}.Release|Any CPU.ActiveCfg = Release|x64
		{757A6C1D-A6E2-4CD0-8275-215392D5AAEC}.Release|Any CPU.Build.0 = Release|x64
		{757A6C1D-A6E2-4CD0-8275-215392D5AAEC}.Release|x64.ActiveCfg = Release|x64
		{757A6C1D-A6E2-4CD0-8275-215392D5AAEC}.Release|x64.Build.0 = Release|x64
		{757A6C1D-A6E2-4CD0-8275-215392D5AAEC}.Release|x86.ActiveCfg = Release|Win32
		{757A6C1D-A6E2-4CD0-8275-215392D5AAEC}.Release|x86.Build.0 = Release|Win32
	EndGlobalSection
	GlobalSection(SolutionProperties) = preSolution
		HideSolutionNode = FALSE
	EndGlobalSection
	GlobalSection(NestedProjects) = preSolution
		{2A7DEB66-0FC2-4857-A216-B7806207FB71} = {B196F99A-11B1-461D-A959-F8056791DCA0}
		{C6009C7B-8640-40D5-964D-1F0BEC3ABCA0} = {B196F99A-11B1-461D-A959-F8056791DCA0}
		{1E897342-F75D-4373-8BAF-9D0891531919} = {B196F99A-11B1-461D-A959-F8056791DCA0}
		{8A598B3D-9F0A-4A1E-9272-6F525CAD91C6} = {B196F99A-11B1-461D-A959-F8056791DCA0}
		{910BD57A-5968-4842-BE27-8DAC59CE5DDA} = {B196F99A-11B1-461D-A959-F8056791DCA0}
		{F41D75F6-6907-44E8-B2FC-F2A345343987} = {B196F99A-11B1-461D-A959-F8056791DCA0}
		{CC23591B-7CCD-44FE-A7ED-148BDFC9BA0F} = {B196F99A-11B1-461D-A959-F8056791DCA0}
		{33DDEF88-FB10-4812-A300-B78CEB1534C9} = {B196F99A-11B1-461D-A959-F8056791DCA0}
		{A949F69A-2586-475C-B027-547E28D7FBBF} = {B196F99A-11B1-461D-A959-F8056791DCA0}
		{55CADA7C-882F-46C3-BCF7-5B2FDBDA7A4A} = {B196F99A-11B1-461D-A959-F8056791DCA0}
		{302D2A13-E9A2-493F-AFC3-87CBDB886B75} = {B196F99A-11B1-461D-A959-F8056791DCA0}
		{55685F95-7BE3-4D25-881B-D3C00C26CD7D} = {B196F99A-11B1-461D-A959-F8056791DCA0}
		{E8F73044-3BCB-4D92-9970-8412374B5C65} = {B196F99A-11B1-461D-A959-F8056791DCA0}
		{3B8EE2C6-BE82-4196-96B5-4C63F0294956} = {B196F99A-11B1-461D-A959-F8056791DCA0}
		{B428CDF9-73D7-4672-99CD-E6F222B33079} = {B196F99A-11B1-461D-A959-F8056791DCA0}
		{2C976425-4178-4CD0-A338-B4AB357CF849} = {B196F99A-11B1-461D-A959-F8056791DCA0}
		{31AE89F8-3551-4175-86B3-456158F83B39} = {B196F99A-11B1-461D-A959-F8056791DCA0}
		{5DDC4F6A-7301-4D9A-A743-4A698EFCBB0D} = {B196F99A-11B1-461D-A959-F8056791DCA0}
		{A46F0F70-13A7-4D5F-98A6-4B5837E18E43} = {B196F99A-11B1-461D-A959-F8056791DCA0}
		{F2FD87B4-B217-4F30-82D7-0E78A1CE70A8} = {B196F99A-11B1-461D-A959-F8056791DCA0}
		{083357A7-A7E2-43FE-A2C3-0BB057857AD8} = {B196F99A-11B1-461D-A959-F8056791DCA0}
		{47708BA3-48F2-42FC-B1CB-5524CE14EDE5} = {B196F99A-11B1-461D-A959-F8056791DCA0}
		{069D2779-F4E1-4338-8DA0-ADCE9DC25B64} = {B196F99A-11B1-461D-A959-F8056791DCA0}
		{CD51A458-EECA-4364-91EC-C6751A5800F0} = {B196F99A-11B1-461D-A959-F8056791DCA0}
		{30474F8B-20C6-47E3-A9DA-11FD91209ADB} = {B196F99A-11B1-461D-A959-F8056791DCA0}
		{BA71B6C8-640F-4030-8CD9-8FB84B72340C} = {B196F99A-11B1-461D-A959-F8056791DCA0}
		{50377E8B-D98B-4C1A-86C6-DD5A68818105} = {B196F99A-11B1-461D-A959-F8056791DCA0}
		{757A6C1D-A6E2-4CD0-8275-215392D5AAEC} = {B196F99A-11B1-461D-A959-F8056791DCA0}
	EndGlobalSection
	GlobalSection(ExtensibilityGlobals) = postSolution
		SolutionGuid = {4771C88D-8869-4FBC-B211-A9120E4D7F91}
	EndGlobalSection
EndGlobal
