
Microsoft Visual Studio Solution File, Format Version 12.00
# Visual Studio Version 17
VisualStudioVersion = 17.2.32526.322
MinimumVisualStudioVersion = 10.0.40219.1
Project("{8BC9CEB8-8B4A-11D0-8D11-00A0C91BC942}") = "Lab_0", "Lab_0\Lab_0.vcxproj", "{77EEE0E5-3A96-4E30-BE1A-B5BCFE2C38A8}"
EndProject
Project("{8BC9CEB8-8B4A-11D0-8D11-00A0C91BC942}") = "Lab_1.1", "Lab_1.1\Lab_1.1.vcxproj", "{D8FAF1AB-466E-498D-BC27-9FAA68C93009}"
EndProject
Project("{8BC9CEB8-8B4A-11D0-8D11-00A0C91BC942}") = "Lab_1.2", "Lab_1.2\Lab_1.2.vcxproj", "{EE818E39-C2D4-4447-B591-C770A431DE9D}"
EndProject
Project("{8BC9CEB8-8B4A-11D0-8D11-00A0C91BC942}") = "Lab_1.3", "Lab_1.3\Lab_1.3.vcxproj", "{4B1F0D50-F981-4E90-80C2-CCB31B344B0C}"
EndProject
Project("{8BC9CEB8-8B4A-11D0-8D11-00A0C91BC942}") = "Lab_1.final", "Lab_1.final\Lab_1.final.vcxproj", "{2A7DEB66-0FC2-4857-A216-B7806207FB71}"
EndProject
Project("{8BC9CEB8-8B4A-11D0-8D11-00A0C91BC942}") = "Lab_2.1.1", "Lab_2.1.1\Lab_2.1.1.vcxproj", "{DFEE7C73-7838-4EEC-BFDC-6FBDF40EC47B}"
EndProject
Project("{8BC9CEB8-8B4A-11D0-8D11-00A0C91BC942}") = "Lab_2.1.2", "Lab_2.1.2\Lab_2.1.2.vcxproj", "{7FA56D97-3E4E-49E5-8EC7-7C86902416AD}"
EndProject
Project("{8BC9CEB8-8B4A-11D0-8D11-00A0C91BC942}") = "Lab_2.2.1", "Lab_2.2.1\Lab_2.2.1.vcxproj", "{861E19F2-2B0E-406E-94A0-C8F21B3BD643}"
EndProject
Project("{8BC9CEB8-8B4A-11D0-8D11-00A0C91BC942}") = "Lab_2.2.2", "Lab_2.2.2\Lab_2.2.2.vcxproj", "{EC64CF0E-2C7C-4BE8-9AA6-418F761B21BF}"
EndProject
Project("{8BC9CEB8-8B4A-11D0-8D11-00A0C91BC942}") = "Lab_2.3", "Lab_2.3\Lab_2.3.vcxproj", "{CF78883E-14A1-4E20-8C36-8345D7CCFFC2}"
EndProject
Project("{8BC9CEB8-8B4A-11D0-8D11-00A0C91BC942}") = "Lab_2.4", "Lab_2.4\Lab_2.4.vcxproj", "{5E5FD402-E842-4166-B36B-C424F9DECC19}"
EndProject
Project("{8BC9CEB8-8B4A-11D0-8D11-00A0C91BC942}") = "Lab_2.final.1", "Lab_2.final.1\Lab_2.final.1.vcxproj", "{C6009C7B-8640-40D5-964D-1F0BEC3ABCA0}"
EndProject
Project("{8BC9CEB8-8B4A-11D0-8D11-00A0C91BC942}") = "Lab_2.final.2", "Lab_2.final.2\Lab_2.final.2.vcxproj", "{1E897342-F75D-4373-8BAF-9D0891531919}"
EndProject
Project("{8BC9CEB8-8B4A-11D0-8D11-00A0C91BC942}") = "Lab_2.final.3", "Lab_2.final.3\Lab_2.final.3.vcxproj", "{8A598B3D-9F0A-4A1E-9272-6F525CAD91C6}"
EndProject
Project("{8BC9CEB8-8B4A-11D0-8D11-00A0C91BC942}") = "Lab_2.final.4", "Lab_2.final.4\Lab_2.final.4.vcxproj", "{910BD57A-5968-4842-BE27-8DAC59CE5DDA}"
EndProject
Project("{8BC9CEB8-8B4A-11D0-8D11-00A0C91BC942}") = "Lab_3.1.1", "Lab_3.1.1\Lab_3.1.1.vcxproj", "{A74D41DE-6370-4C35-9EDE-9BCB701B7833}"
EndProject
Global
	GlobalSection(SolutionConfigurationPlatforms) = preSolution
		Debug|Any CPU = Debug|Any CPU
		Debug|x64 = Debug|x64
		Debug|x86 = Debug|x86
		Release|Any CPU = Release|Any CPU
		Release|x64 = Release|x64
		Release|x86 = Release|x86
	EndGlobalSection
	GlobalSection(ProjectConfigurationPlatforms) = postSolution
		{77EEE0E5-3A96-4E30-BE1A-B5BCFE2C38A8}.Debug|Any CPU.ActiveCfg = Debug|x64
		{77EEE0E5-3A96-4E30-BE1A-B5BCFE2C38A8}.Debug|Any CPU.Build.0 = Debug|x64
		{77EEE0E5-3A96-4E30-BE1A-B5BCFE2C38A8}.Debug|x64.ActiveCfg = Debug|x64
		{77EEE0E5-3A96-4E30-BE1A-B5BCFE2C38A8}.Debug|x64.Build.0 = Debug|x64
		{77EEE0E5-3A96-4E30-BE1A-B5BCFE2C38A8}.Debug|x86.ActiveCfg = Debug|Win32
		{77EEE0E5-3A96-4E30-BE1A-B5BCFE2C38A8}.Debug|x86.Build.0 = Debug|Win32
		{77EEE0E5-3A96-4E30-BE1A-B5BCFE2C38A8}.Release|Any CPU.ActiveCfg = Release|x64
		{77EEE0E5-3A96-4E30-BE1A-B5BCFE2C38A8}.Release|Any CPU.Build.0 = Release|x64
		{77EEE0E5-3A96-4E30-BE1A-B5BCFE2C38A8}.Release|x64.ActiveCfg = Release|x64
		{77EEE0E5-3A96-4E30-BE1A-B5BCFE2C38A8}.Release|x64.Build.0 = Release|x64
		{77EEE0E5-3A96-4E30-BE1A-B5BCFE2C38A8}.Release|x86.ActiveCfg = Release|Win32
		{77EEE0E5-3A96-4E30-BE1A-B5BCFE2C38A8}.Release|x86.Build.0 = Release|Win32
		{D8FAF1AB-466E-498D-BC27-9FAA68C93009}.Debug|Any CPU.ActiveCfg = Debug|x64
		{D8FAF1AB-466E-498D-BC27-9FAA68C93009}.Debug|Any CPU.Build.0 = Debug|x64
		{D8FAF1AB-466E-498D-BC27-9FAA68C93009}.Debug|x64.ActiveCfg = Debug|x64
		{D8FAF1AB-466E-498D-BC27-9FAA68C93009}.Debug|x64.Build.0 = Debug|x64
		{D8FAF1AB-466E-498D-BC27-9FAA68C93009}.Debug|x86.ActiveCfg = Debug|Win32
		{D8FAF1AB-466E-498D-BC27-9FAA68C93009}.Debug|x86.Build.0 = Debug|Win32
		{D8FAF1AB-466E-498D-BC27-9FAA68C93009}.Release|Any CPU.ActiveCfg = Release|x64
		{D8FAF1AB-466E-498D-BC27-9FAA68C93009}.Release|Any CPU.Build.0 = Release|x64
		{D8FAF1AB-466E-498D-BC27-9FAA68C93009}.Release|x64.ActiveCfg = Release|x64
		{D8FAF1AB-466E-498D-BC27-9FAA68C93009}.Release|x64.Build.0 = Release|x64
		{D8FAF1AB-466E-498D-BC27-9FAA68C93009}.Release|x86.ActiveCfg = Release|Win32
		{D8FAF1AB-466E-498D-BC27-9FAA68C93009}.Release|x86.Build.0 = Release|Win32
		{EE818E39-C2D4-4447-B591-C770A431DE9D}.Debug|Any CPU.ActiveCfg = Debug|x64
		{EE818E39-C2D4-4447-B591-C770A431DE9D}.Debug|Any CPU.Build.0 = Debug|x64
		{EE818E39-C2D4-4447-B591-C770A431DE9D}.Debug|x64.ActiveCfg = Debug|x64
		{EE818E39-C2D4-4447-B591-C770A431DE9D}.Debug|x64.Build.0 = Debug|x64
		{EE818E39-C2D4-4447-B591-C770A431DE9D}.Debug|x86.ActiveCfg = Debug|Win32
		{EE818E39-C2D4-4447-B591-C770A431DE9D}.Debug|x86.Build.0 = Debug|Win32
		{EE818E39-C2D4-4447-B591-C770A431DE9D}.Release|Any CPU.ActiveCfg = Release|x64
		{EE818E39-C2D4-4447-B591-C770A431DE9D}.Release|Any CPU.Build.0 = Release|x64
		{EE818E39-C2D4-4447-B591-C770A431DE9D}.Release|x64.ActiveCfg = Release|x64
		{EE818E39-C2D4-4447-B591-C770A431DE9D}.Release|x64.Build.0 = Release|x64
		{EE818E39-C2D4-4447-B591-C770A431DE9D}.Release|x86.ActiveCfg = Release|Win32
		{EE818E39-C2D4-4447-B591-C770A431DE9D}.Release|x86.Build.0 = Release|Win32
		{4B1F0D50-F981-4E90-80C2-CCB31B344B0C}.Debug|Any CPU.ActiveCfg = Debug|x64
		{4B1F0D50-F981-4E90-80C2-CCB31B344B0C}.Debug|Any CPU.Build.0 = Debug|x64
		{4B1F0D50-F981-4E90-80C2-CCB31B344B0C}.Debug|x64.ActiveCfg = Debug|x64
		{4B1F0D50-F981-4E90-80C2-CCB31B344B0C}.Debug|x64.Build.0 = Debug|x64
		{4B1F0D50-F981-4E90-80C2-CCB31B344B0C}.Debug|x86.ActiveCfg = Debug|Win32
		{4B1F0D50-F981-4E90-80C2-CCB31B344B0C}.Debug|x86.Build.0 = Debug|Win32
		{4B1F0D50-F981-4E90-80C2-CCB31B344B0C}.Release|Any CPU.ActiveCfg = Release|x64
		{4B1F0D50-F981-4E90-80C2-CCB31B344B0C}.Release|Any CPU.Build.0 = Release|x64
		{4B1F0D50-F981-4E90-80C2-CCB31B344B0C}.Release|x64.ActiveCfg = Release|x64
		{4B1F0D50-F981-4E90-80C2-CCB31B344B0C}.Release|x64.Build.0 = Release|x64
		{4B1F0D50-F981-4E90-80C2-CCB31B344B0C}.Release|x86.ActiveCfg = Release|Win32
		{4B1F0D50-F981-4E90-80C2-CCB31B344B0C}.Release|x86.Build.0 = Release|Win32
		{2A7DEB66-0FC2-4857-A216-B7806207FB71}.Debug|Any CPU.ActiveCfg = Debug|x64
		{2A7DEB66-0FC2-4857-A216-B7806207FB71}.Debug|Any CPU.Build.0 = Debug|x64
		{2A7DEB66-0FC2-4857-A216-B7806207FB71}.Debug|x64.ActiveCfg = Debug|x64
		{2A7DEB66-0FC2-4857-A216-B7806207FB71}.Debug|x64.Build.0 = Debug|x64
		{2A7DEB66-0FC2-4857-A216-B7806207FB71}.Debug|x86.ActiveCfg = Debug|Win32
		{2A7DEB66-0FC2-4857-A216-B7806207FB71}.Debug|x86.Build.0 = Debug|Win32
		{2A7DEB66-0FC2-4857-A216-B7806207FB71}.Release|Any CPU.ActiveCfg = Release|x64
		{2A7DEB66-0FC2-4857-A216-B7806207FB71}.Release|Any CPU.Build.0 = Release|x64
		{2A7DEB66-0FC2-4857-A216-B7806207FB71}.Release|x64.ActiveCfg = Release|x64
		{2A7DEB66-0FC2-4857-A216-B7806207FB71}.Release|x64.Build.0 = Release|x64
		{2A7DEB66-0FC2-4857-A216-B7806207FB71}.Release|x86.ActiveCfg = Release|Win32
		{2A7DEB66-0FC2-4857-A216-B7806207FB71}.Release|x86.Build.0 = Release|Win32
		{DFEE7C73-7838-4EEC-BFDC-6FBDF40EC47B}.Debug|Any CPU.ActiveCfg = Debug|x64
		{DFEE7C73-7838-4EEC-BFDC-6FBDF40EC47B}.Debug|Any CPU.Build.0 = Debug|x64
		{DFEE7C73-7838-4EEC-BFDC-6FBDF40EC47B}.Debug|x64.ActiveCfg = Debug|x64
		{DFEE7C73-7838-4EEC-BFDC-6FBDF40EC47B}.Debug|x64.Build.0 = Debug|x64
		{DFEE7C73-7838-4EEC-BFDC-6FBDF40EC47B}.Debug|x86.ActiveCfg = Debug|Win32
		{DFEE7C73-7838-4EEC-BFDC-6FBDF40EC47B}.Debug|x86.Build.0 = Debug|Win32
		{DFEE7C73-7838-4EEC-BFDC-6FBDF40EC47B}.Release|Any CPU.ActiveCfg = Release|x64
		{DFEE7C73-7838-4EEC-BFDC-6FBDF40EC47B}.Release|Any CPU.Build.0 = Release|x64
		{DFEE7C73-7838-4EEC-BFDC-6FBDF40EC47B}.Release|x64.ActiveCfg = Release|x64
		{DFEE7C73-7838-4EEC-BFDC-6FBDF40EC47B}.Release|x64.Build.0 = Release|x64
		{DFEE7C73-7838-4EEC-BFDC-6FBDF40EC47B}.Release|x86.ActiveCfg = Release|Win32
		{DFEE7C73-7838-4EEC-BFDC-6FBDF40EC47B}.Release|x86.Build.0 = Release|Win32
		{7FA56D97-3E4E-49E5-8EC7-7C86902416AD}.Debug|Any CPU.ActiveCfg = Debug|x64
		{7FA56D97-3E4E-49E5-8EC7-7C86902416AD}.Debug|Any CPU.Build.0 = Debug|x64
		{7FA56D97-3E4E-49E5-8EC7-7C86902416AD}.Debug|x64.ActiveCfg = Debug|x64
		{7FA56D97-3E4E-49E5-8EC7-7C86902416AD}.Debug|x64.Build.0 = Debug|x64
		{7FA56D97-3E4E-49E5-8EC7-7C86902416AD}.Debug|x86.ActiveCfg = Debug|Win32
		{7FA56D97-3E4E-49E5-8EC7-7C86902416AD}.Debug|x86.Build.0 = Debug|Win32
		{7FA56D97-3E4E-49E5-8EC7-7C86902416AD}.Release|Any CPU.ActiveCfg = Release|x64
		{7FA56D97-3E4E-49E5-8EC7-7C86902416AD}.Release|Any CPU.Build.0 = Release|x64
		{7FA56D97-3E4E-49E5-8EC7-7C86902416AD}.Release|x64.ActiveCfg = Release|x64
		{7FA56D97-3E4E-49E5-8EC7-7C86902416AD}.Release|x64.Build.0 = Release|x64
		{7FA56D97-3E4E-49E5-8EC7-7C86902416AD}.Release|x86.ActiveCfg = Release|Win32
		{7FA56D97-3E4E-49E5-8EC7-7C86902416AD}.Release|x86.Build.0 = Release|Win32
		{861E19F2-2B0E-406E-94A0-C8F21B3BD643}.Debug|Any CPU.ActiveCfg = Debug|x64
		{861E19F2-2B0E-406E-94A0-C8F21B3BD643}.Debug|Any CPU.Build.0 = Debug|x64
		{861E19F2-2B0E-406E-94A0-C8F21B3BD643}.Debug|x64.ActiveCfg = Debug|x64
		{861E19F2-2B0E-406E-94A0-C8F21B3BD643}.Debug|x64.Build.0 = Debug|x64
		{861E19F2-2B0E-406E-94A0-C8F21B3BD643}.Debug|x86.ActiveCfg = Debug|Win32
		{861E19F2-2B0E-406E-94A0-C8F21B3BD643}.Debug|x86.Build.0 = Debug|Win32
		{861E19F2-2B0E-406E-94A0-C8F21B3BD643}.Release|Any CPU.ActiveCfg = Release|x64
		{861E19F2-2B0E-406E-94A0-C8F21B3BD643}.Release|Any CPU.Build.0 = Release|x64
		{861E19F2-2B0E-406E-94A0-C8F21B3BD643}.Release|x64.ActiveCfg = Release|x64
		{861E19F2-2B0E-406E-94A0-C8F21B3BD643}.Release|x64.Build.0 = Release|x64
		{861E19F2-2B0E-406E-94A0-C8F21B3BD643}.Release|x86.ActiveCfg = Release|Win32
		{861E19F2-2B0E-406E-94A0-C8F21B3BD643}.Release|x86.Build.0 = Release|Win32
		{EC64CF0E-2C7C-4BE8-9AA6-418F761B21BF}.Debug|Any CPU.ActiveCfg = Debug|x64
		{EC64CF0E-2C7C-4BE8-9AA6-418F761B21BF}.Debug|Any CPU.Build.0 = Debug|x64
		{EC64CF0E-2C7C-4BE8-9AA6-418F761B21BF}.Debug|x64.ActiveCfg = Debug|x64
		{EC64CF0E-2C7C-4BE8-9AA6-418F761B21BF}.Debug|x64.Build.0 = Debug|x64
		{EC64CF0E-2C7C-4BE8-9AA6-418F761B21BF}.Debug|x86.ActiveCfg = Debug|Win32
		{EC64CF0E-2C7C-4BE8-9AA6-418F761B21BF}.Debug|x86.Build.0 = Debug|Win32
		{EC64CF0E-2C7C-4BE8-9AA6-418F761B21BF}.Release|Any CPU.ActiveCfg = Release|x64
		{EC64CF0E-2C7C-4BE8-9AA6-418F761B21BF}.Release|Any CPU.Build.0 = Release|x64
		{EC64CF0E-2C7C-4BE8-9AA6-418F761B21BF}.Release|x64.ActiveCfg = Release|x64
		{EC64CF0E-2C7C-4BE8-9AA6-418F761B21BF}.Release|x64.Build.0 = Release|x64
		{EC64CF0E-2C7C-4BE8-9AA6-418F761B21BF}.Release|x86.ActiveCfg = Release|Win32
		{EC64CF0E-2C7C-4BE8-9AA6-418F761B21BF}.Release|x86.Build.0 = Release|Win32
		{CF78883E-14A1-4E20-8C36-8345D7CCFFC2}.Debug|Any CPU.ActiveCfg = Debug|x64
		{CF78883E-14A1-4E20-8C36-8345D7CCFFC2}.Debug|Any CPU.Build.0 = Debug|x64
		{CF78883E-14A1-4E20-8C36-8345D7CCFFC2}.Debug|x64.ActiveCfg = Debug|x64
		{CF78883E-14A1-4E20-8C36-8345D7CCFFC2}.Debug|x64.Build.0 = Debug|x64
		{CF78883E-14A1-4E20-8C36-8345D7CCFFC2}.Debug|x86.ActiveCfg = Debug|Win32
		{CF78883E-14A1-4E20-8C36-8345D7CCFFC2}.Debug|x86.Build.0 = Debug|Win32
		{CF78883E-14A1-4E20-8C36-8345D7CCFFC2}.Release|Any CPU.ActiveCfg = Release|x64
		{CF78883E-14A1-4E20-8C36-8345D7CCFFC2}.Release|Any CPU.Build.0 = Release|x64
		{CF78883E-14A1-4E20-8C36-8345D7CCFFC2}.Release|x64.ActiveCfg = Release|x64
		{CF78883E-14A1-4E20-8C36-8345D7CCFFC2}.Release|x64.Build.0 = Release|x64
		{CF78883E-14A1-4E20-8C36-8345D7CCFFC2}.Release|x86.ActiveCfg = Release|Win32
		{CF78883E-14A1-4E20-8C36-8345D7CCFFC2}.Release|x86.Build.0 = Release|Win32
		{5E5FD402-E842-4166-B36B-C424F9DECC19}.Debug|Any CPU.ActiveCfg = Debug|x64
		{5E5FD402-E842-4166-B36B-C424F9DECC19}.Debug|Any CPU.Build.0 = Debug|x64
		{5E5FD402-E842-4166-B36B-C424F9DECC19}.Debug|x64.ActiveCfg = Debug|x64
		{5E5FD402-E842-4166-B36B-C424F9DECC19}.Debug|x64.Build.0 = Debug|x64
		{5E5FD402-E842-4166-B36B-C424F9DECC19}.Debug|x86.ActiveCfg = Debug|Win32
		{5E5FD402-E842-4166-B36B-C424F9DECC19}.Debug|x86.Build.0 = Debug|Win32
		{5E5FD402-E842-4166-B36B-C424F9DECC19}.Release|Any CPU.ActiveCfg = Release|x64
		{5E5FD402-E842-4166-B36B-C424F9DECC19}.Release|Any CPU.Build.0 = Release|x64
		{5E5FD402-E842-4166-B36B-C424F9DECC19}.Release|x64.ActiveCfg = Release|x64
		{5E5FD402-E842-4166-B36B-C424F9DECC19}.Release|x64.Build.0 = Release|x64
		{5E5FD402-E842-4166-B36B-C424F9DECC19}.Release|x86.ActiveCfg = Release|Win32
		{5E5FD402-E842-4166-B36B-C424F9DECC19}.Release|x86.Build.0 = Release|Win32
		{C6009C7B-8640-40D5-964D-1F0BEC3ABCA0}.Debug|Any CPU.ActiveCfg = Debug|x64
		{C6009C7B-8640-40D5-964D-1F0BEC3ABCA0}.Debug|Any CPU.Build.0 = Debug|x64
		{C6009C7B-8640-40D5-964D-1F0BEC3ABCA0}.Debug|x64.ActiveCfg = Debug|x64
		{C6009C7B-8640-40D5-964D-1F0BEC3ABCA0}.Debug|x64.Build.0 = Debug|x64
		{C6009C7B-8640-40D5-964D-1F0BEC3ABCA0}.Debug|x86.ActiveCfg = Debug|Win32
		{C6009C7B-8640-40D5-964D-1F0BEC3ABCA0}.Debug|x86.Build.0 = Debug|Win32
		{C6009C7B-8640-40D5-964D-1F0BEC3ABCA0}.Release|Any CPU.ActiveCfg = Release|x64
		{C6009C7B-8640-40D5-964D-1F0BEC3ABCA0}.Release|Any CPU.Build.0 = Release|x64
		{C6009C7B-8640-40D5-964D-1F0BEC3ABCA0}.Release|x64.ActiveCfg = Release|x64
		{C6009C7B-8640-40D5-964D-1F0BEC3ABCA0}.Release|x64.Build.0 = Release|x64
		{C6009C7B-8640-40D5-964D-1F0BEC3ABCA0}.Release|x86.ActiveCfg = Release|Win32
		{C6009C7B-8640-40D5-964D-1F0BEC3ABCA0}.Release|x86.Build.0 = Release|Win32
		{1E897342-F75D-4373-8BAF-9D0891531919}.Debug|Any CPU.ActiveCfg = Debug|x64
		{1E897342-F75D-4373-8BAF-9D0891531919}.Debug|Any CPU.Build.0 = Debug|x64
		{1E897342-F75D-4373-8BAF-9D0891531919}.Debug|x64.ActiveCfg = Debug|x64
		{1E897342-F75D-4373-8BAF-9D0891531919}.Debug|x64.Build.0 = Debug|x64
		{1E897342-F75D-4373-8BAF-9D0891531919}.Debug|x86.ActiveCfg = Debug|Win32
		{1E897342-F75D-4373-8BAF-9D0891531919}.Debug|x86.Build.0 = Debug|Win32
		{1E897342-F75D-4373-8BAF-9D0891531919}.Release|Any CPU.ActiveCfg = Release|x64
		{1E897342-F75D-4373-8BAF-9D0891531919}.Release|Any CPU.Build.0 = Release|x64
		{1E897342-F75D-4373-8BAF-9D0891531919}.Release|x64.ActiveCfg = Release|x64
		{1E897342-F75D-4373-8BAF-9D0891531919}.Release|x64.Build.0 = Release|x64
		{1E897342-F75D-4373-8BAF-9D0891531919}.Release|x86.ActiveCfg = Release|Win32
		{1E897342-F75D-4373-8BAF-9D0891531919}.Release|x86.Build.0 = Release|Win32
		{8A598B3D-9F0A-4A1E-9272-6F525CAD91C6}.Debug|Any CPU.ActiveCfg = Debug|x64
		{8A598B3D-9F0A-4A1E-9272-6F525CAD91C6}.Debug|Any CPU.Build.0 = Debug|x64
		{8A598B3D-9F0A-4A1E-9272-6F525CAD91C6}.Debug|x64.ActiveCfg = Debug|x64
		{8A598B3D-9F0A-4A1E-9272-6F525CAD91C6}.Debug|x64.Build.0 = Debug|x64
		{8A598B3D-9F0A-4A1E-9272-6F525CAD91C6}.Debug|x86.ActiveCfg = Debug|Win32
		{8A598B3D-9F0A-4A1E-9272-6F525CAD91C6}.Debug|x86.Build.0 = Debug|Win32
		{8A598B3D-9F0A-4A1E-9272-6F525CAD91C6}.Release|Any CPU.ActiveCfg = Release|x64
		{8A598B3D-9F0A-4A1E-9272-6F525CAD91C6}.Release|Any CPU.Build.0 = Release|x64
		{8A598B3D-9F0A-4A1E-9272-6F525CAD91C6}.Release|x64.ActiveCfg = Release|x64
		{8A598B3D-9F0A-4A1E-9272-6F525CAD91C6}.Release|x64.Build.0 = Release|x64
		{8A598B3D-9F0A-4A1E-9272-6F525CAD91C6}.Release|x86.ActiveCfg = Release|Win32
		{8A598B3D-9F0A-4A1E-9272-6F525CAD91C6}.Release|x86.Build.0 = Release|Win32
		{910BD57A-5968-4842-BE27-8DAC59CE5DDA}.Debug|Any CPU.ActiveCfg = Debug|x64
		{910BD57A-5968-4842-BE27-8DAC59CE5DDA}.Debug|Any CPU.Build.0 = Debug|x64
		{910BD57A-5968-4842-BE27-8DAC59CE5DDA}.Debug|x64.ActiveCfg = Debug|x64
		{910BD57A-5968-4842-BE27-8DAC59CE5DDA}.Debug|x64.Build.0 = Debug|x64
		{910BD57A-5968-4842-BE27-8DAC59CE5DDA}.Debug|x86.ActiveCfg = Debug|Win32
		{910BD57A-5968-4842-BE27-8DAC59CE5DDA}.Debug|x86.Build.0 = Debug|Win32
		{910BD57A-5968-4842-BE27-8DAC59CE5DDA}.Release|Any CPU.ActiveCfg = Release|x64
		{910BD57A-5968-4842-BE27-8DAC59CE5DDA}.Release|Any CPU.Build.0 = Release|x64
		{910BD57A-5968-4842-BE27-8DAC59CE5DDA}.Release|x64.ActiveCfg = Release|x64
		{910BD57A-5968-4842-BE27-8DAC59CE5DDA}.Release|x64.Build.0 = Release|x64
		{910BD57A-5968-4842-BE27-8DAC59CE5DDA}.Release|x86.ActiveCfg = Release|Win32
		{910BD57A-5968-4842-BE27-8DAC59CE5DDA}.Release|x86.Build.0 = Release|Win32
		{A74D41DE-6370-4C35-9EDE-9BCB701B7833}.Debug|Any CPU.ActiveCfg = Debug|x64
		{A74D41DE-6370-4C35-9EDE-9BCB701B7833}.Debug|Any CPU.Build.0 = Debug|x64
		{A74D41DE-6370-4C35-9EDE-9BCB701B7833}.Debug|x64.ActiveCfg = Debug|x64
		{A74D41DE-6370-4C35-9EDE-9BCB701B7833}.Debug|x64.Build.0 = Debug|x64
		{A74D41DE-6370-4C35-9EDE-9BCB701B7833}.Debug|x86.ActiveCfg = Debug|Win32
		{A74D41DE-6370-4C35-9EDE-9BCB701B7833}.Debug|x86.Build.0 = Debug|Win32
		{A74D41DE-6370-4C35-9EDE-9BCB701B7833}.Release|Any CPU.ActiveCfg = Release|x64
		{A74D41DE-6370-4C35-9EDE-9BCB701B7833}.Release|Any CPU.Build.0 = Release|x64
		{A74D41DE-6370-4C35-9EDE-9BCB701B7833}.Release|x64.ActiveCfg = Release|x64
		{A74D41DE-6370-4C35-9EDE-9BCB701B7833}.Release|x64.Build.0 = Release|x64
		{A74D41DE-6370-4C35-9EDE-9BCB701B7833}.Release|x86.ActiveCfg = Release|Win32
		{A74D41DE-6370-4C35-9EDE-9BCB701B7833}.Release|x86.Build.0 = Release|Win32
	EndGlobalSection
	GlobalSection(SolutionProperties) = preSolution
		HideSolutionNode = FALSE
	EndGlobalSection
	GlobalSection(ExtensibilityGlobals) = postSolution
		SolutionGuid = {4771C88D-8869-4FBC-B211-A9120E4D7F91}
	EndGlobalSection
EndGlobal
